// !$*UTF8*$!
{
	archiveVersion = 1;
	classes = {
	};
	objectVersion = 50;
	objects = {

/* Begin PBXBuildFile section */
		86C72D1EBC26F6DDFAAD018C /* Pods_iosTests.framework in Frameworks */ = {isa = PBXBuildFile; fileRef = DD0055EAB2DE74C949B59C7E /* Pods_iosTests.framework */; };
		9E1028FE22CEF99B00BA61D1 /* 1.jpg in Resources */ = {isa = PBXBuildFile; fileRef = 9E1028FC22CEF99A00BA61D1 /* 1.jpg */; };
		9E1028FF22CEF99B00BA61D1 /* 2.jpg in Resources */ = {isa = PBXBuildFile; fileRef = 9E1028FD22CEF99B00BA61D1 /* 2.jpg */; };
		9E26243F22A9093100FCE622 /* BorderView.m in Sources */ = {isa = PBXBuildFile; fileRef = 9E26243E22A9093100FCE622 /* BorderView.m */; };
		9E4BA384227ECE8100D48F93 /* yst_image_care.png in Resources */ = {isa = PBXBuildFile; fileRef = 9E4BA383227ECE8100D48F93 /* yst_image_care.png */; };
		9E50E7DC239DF26F00C8539A /* SharedCode.framework in Frameworks */ = {isa = PBXBuildFile; fileRef = 9E50E7DB239DF26F00C8539A /* SharedCode.framework */; };
		9E50E7DD239DF27400C8539A /* SharedCode.framework in Embed Frameworks */ = {isa = PBXBuildFile; fileRef = 9E50E7DB239DF26F00C8539A /* SharedCode.framework */; settings = {ATTRIBUTES = (CodeSignOnCopy, RemoveHeadersOnCopy, ); }; };
		9E55673424404E04004B1A5A /* KUI.framework in Frameworks */ = {isa = PBXBuildFile; fileRef = 9E55673224404DBD004B1A5A /* KUI.framework */; };
		9E55673524404E04004B1A5A /* KUI.framework in Embed Frameworks */ = {isa = PBXBuildFile; fileRef = 9E55673224404DBD004B1A5A /* KUI.framework */; settings = {ATTRIBUTES = (RemoveHeadersOnCopy, ); }; };
		9E7F35B5227573D500139DE6 /* AppDelegate.m in Sources */ = {isa = PBXBuildFile; fileRef = 9E7F35B4227573D500139DE6 /* AppDelegate.m */; };
		9E7F35B8227573D500139DE6 /* ViewController.m in Sources */ = {isa = PBXBuildFile; fileRef = 9E7F35B7227573D500139DE6 /* ViewController.m */; };
		9E7F35BB227573D500139DE6 /* Main.storyboard in Resources */ = {isa = PBXBuildFile; fileRef = 9E7F35B9227573D500139DE6 /* Main.storyboard */; };
		9E7F35BE227573D500139DE6 /* ios.xcdatamodeld in Sources */ = {isa = PBXBuildFile; fileRef = 9E7F35BC227573D500139DE6 /* ios.xcdatamodeld */; };
		9E7F35C0227573D600139DE6 /* Assets.xcassets in Resources */ = {isa = PBXBuildFile; fileRef = 9E7F35BF227573D600139DE6 /* Assets.xcassets */; };
		9E7F35C3227573D600139DE6 /* LaunchScreen.storyboard in Resources */ = {isa = PBXBuildFile; fileRef = 9E7F35C1227573D600139DE6 /* LaunchScreen.storyboard */; };
		9E7F35C6227573D600139DE6 /* main.m in Sources */ = {isa = PBXBuildFile; fileRef = 9E7F35C5227573D600139DE6 /* main.m */; };
		9E7F35D0227573D600139DE6 /* iosTests.m in Sources */ = {isa = PBXBuildFile; fileRef = 9E7F35CF227573D600139DE6 /* iosTests.m */; };
		9E7F35DB227573D600139DE6 /* iosUITests.m in Sources */ = {isa = PBXBuildFile; fileRef = 9E7F35DA227573D600139DE6 /* iosUITests.m */; };
		9EF16472243F0E2C00E008E5 /* Slider.kt in Resources */ = {isa = PBXBuildFile; fileRef = 9EF16456243F0E2B00E008E5 /* Slider.kt */; };
		9EF16473243F0E2C00E008E5 /* Platform.kt in Resources */ = {isa = PBXBuildFile; fileRef = 9EF16457243F0E2B00E008E5 /* Platform.kt */; };
		9EF16474243F0E2C00E008E5 /* ScrollView.kt in Resources */ = {isa = PBXBuildFile; fileRef = 9EF16458243F0E2B00E008E5 /* ScrollView.kt */; };
		9EF16475243F0E2C00E008E5 /* Button.kt in Resources */ = {isa = PBXBuildFile; fileRef = 9EF16459243F0E2B00E008E5 /* Button.kt */; };
		9EF16476243F0E2C00E008E5 /* View.kt in Resources */ = {isa = PBXBuildFile; fileRef = 9EF1645A243F0E2B00E008E5 /* View.kt */; };
		9EF16477243F0E2C00E008E5 /* Image.kt in Resources */ = {isa = PBXBuildFile; fileRef = 9EF1645B243F0E2B00E008E5 /* Image.kt */; };
		9EF16478243F0E2C00E008E5 /* IOSAnimation.kt in Resources */ = {isa = PBXBuildFile; fileRef = 9EF1645D243F0E2B00E008E5 /* IOSAnimation.kt */; };
		9EF16479243F0E2C00E008E5 /* StateListColor.kt in Resources */ = {isa = PBXBuildFile; fileRef = 9EF1645F243F0E2B00E008E5 /* StateListColor.kt */; };
		9EF1647A243F0E2C00E008E5 /* IOSCollectionView.kt in Resources */ = {isa = PBXBuildFile; fileRef = 9EF16461243F0E2B00E008E5 /* IOSCollectionView.kt */; };
		9EF1647B243F0E2C00E008E5 /* IOSCollectionViewLayout.kt in Resources */ = {isa = PBXBuildFile; fileRef = 9EF16462243F0E2B00E008E5 /* IOSCollectionViewLayout.kt */; };
		9EF1647C243F0E2C00E008E5 /* IOSInputView.kt in Resources */ = {isa = PBXBuildFile; fileRef = 9EF16463243F0E2B00E008E5 /* IOSInputView.kt */; };
		9EF1647D243F0E2C00E008E5 /* IOSButtonView.kt in Resources */ = {isa = PBXBuildFile; fileRef = 9EF16464243F0E2B00E008E5 /* IOSButtonView.kt */; };
		9EF1647E243F0E2C00E008E5 /* Background.kt in Resources */ = {isa = PBXBuildFile; fileRef = 9EF16465243F0E2B00E008E5 /* Background.kt */; };
		9EF1647F243F0E2C00E008E5 /* IOSTextView.kt in Resources */ = {isa = PBXBuildFile; fileRef = 9EF16466243F0E2B00E008E5 /* IOSTextView.kt */; };
		9EF16480243F0E2C00E008E5 /* IOSScrollView.kt in Resources */ = {isa = PBXBuildFile; fileRef = 9EF16467243F0E2B00E008E5 /* IOSScrollView.kt */; };
		9EF16481243F0E2C00E008E5 /* IOSView.kt in Resources */ = {isa = PBXBuildFile; fileRef = 9EF16468243F0E2B00E008E5 /* IOSView.kt */; };
		9EF16482243F0E2C00E008E5 /* IOSImageView.kt in Resources */ = {isa = PBXBuildFile; fileRef = 9EF16469243F0E2B00E008E5 /* IOSImageView.kt */; };
		9EF16483243F0E2C00E008E5 /* CollectionView.kt in Resources */ = {isa = PBXBuildFile; fileRef = 9EF1646B243F0E2B00E008E5 /* CollectionView.kt */; };
		9EF16484243F0E2C00E008E5 /* CollectionViewCell.kt in Resources */ = {isa = PBXBuildFile; fileRef = 9EF1646C243F0E2B00E008E5 /* CollectionViewCell.kt */; };
		9EF16485243F0E2C00E008E5 /* ImageView.kt in Resources */ = {isa = PBXBuildFile; fileRef = 9EF1646D243F0E2B00E008E5 /* ImageView.kt */; };
		9EF16486243F0E2C00E008E5 /* TextView.kt in Resources */ = {isa = PBXBuildFile; fileRef = 9EF1646E243F0E2B00E008E5 /* TextView.kt */; };
		9EF16487243F0E2C00E008E5 /* TextInput.kt in Resources */ = {isa = PBXBuildFile; fileRef = 9EF1646F243F0E2B00E008E5 /* TextInput.kt */; };
		9EF16488243F0E2C00E008E5 /* Layout.kt in Resources */ = {isa = PBXBuildFile; fileRef = 9EF16470243F0E2B00E008E5 /* Layout.kt */; };
		9EF16489243F0E2C00E008E5 /* Touches.kt in Resources */ = {isa = PBXBuildFile; fileRef = 9EF16471243F0E2B00E008E5 /* Touches.kt */; };
		9EF1648C243F0E4E00E008E5 /* Screen.kt in Resources */ = {isa = PBXBuildFile; fileRef = 9EF1648A243F0E4E00E008E5 /* Screen.kt */; };
		9EF1648D243F0E4E00E008E5 /* Window.kt in Resources */ = {isa = PBXBuildFile; fileRef = 9EF1648B243F0E4E00E008E5 /* Window.kt */; };
		9EF1648F243F155E00E008E5 /* NotificationCenter.kt in Resources */ = {isa = PBXBuildFile; fileRef = 9EF1648E243F155D00E008E5 /* NotificationCenter.kt */; };
		9EF16498243F277100E008E5 /* ColumnCalculator.kt in Resources */ = {isa = PBXBuildFile; fileRef = 9EF16491243F277100E008E5 /* ColumnCalculator.kt */; };
		9EF16499243F277100E008E5 /* FlexLayoutParams.kt in Resources */ = {isa = PBXBuildFile; fileRef = 9EF16492243F277100E008E5 /* FlexLayoutParams.kt */; };
		9EF1649A243F277100E008E5 /* FlexCalculator.kt in Resources */ = {isa = PBXBuildFile; fileRef = 9EF16493243F277100E008E5 /* FlexCalculator.kt */; };
		9EF1649B243F277100E008E5 /* FlexLayout.kt in Resources */ = {isa = PBXBuildFile; fileRef = 9EF16494243F277100E008E5 /* FlexLayout.kt */; };
		9EF1649C243F277100E008E5 /* RowWrapCalculator.kt in Resources */ = {isa = PBXBuildFile; fileRef = 9EF16495243F277100E008E5 /* RowWrapCalculator.kt */; };
		9EF1649D243F277100E008E5 /* RowCalculator.kt in Resources */ = {isa = PBXBuildFile; fileRef = 9EF16496243F277100E008E5 /* RowCalculator.kt */; };
		9EF1649E243F277100E008E5 /* ColumnWrapCalculator.kt in Resources */ = {isa = PBXBuildFile; fileRef = 9EF16497243F277100E008E5 /* ColumnWrapCalculator.kt */; };
		9EF164AA243F770600E008E5 /* HUI.framework in Frameworks */ = {isa = PBXBuildFile; fileRef = 9EF164A8243F75E400E008E5 /* HUI.framework */; };
		9EF164AB243F770600E008E5 /* HUI.framework in Embed Frameworks */ = {isa = PBXBuildFile; fileRef = 9EF164A8243F75E400E008E5 /* HUI.framework */; settings = {ATTRIBUTES = (RemoveHeadersOnCopy, ); }; };
		E569592B43383F64BC0AA4B6 /* Pods_iosUITests.framework in Frameworks */ = {isa = PBXBuildFile; fileRef = 729D4BC42A87E23F9A4D32F7 /* Pods_iosUITests.framework */; };
		F5C28363258CEFCF96104653 /* Pods_ios.framework in Frameworks */ = {isa = PBXBuildFile; fileRef = 36B3BBD017FA8FEFB2EFCEB8 /* Pods_ios.framework */; };
/* End PBXBuildFile section */

/* Begin PBXContainerItemProxy section */
		9E7F35CC227573D600139DE6 /* PBXContainerItemProxy */ = {
			isa = PBXContainerItemProxy;
			containerPortal = 9E7F35A8227573D500139DE6 /* Project object */;
			proxyType = 1;
			remoteGlobalIDString = 9E7F35AF227573D500139DE6;
			remoteInfo = ios;
		};
		9E7F35D7227573D600139DE6 /* PBXContainerItemProxy */ = {
			isa = PBXContainerItemProxy;
			containerPortal = 9E7F35A8227573D500139DE6 /* Project object */;
			proxyType = 1;
			remoteGlobalIDString = 9E7F35AF227573D500139DE6;
			remoteInfo = ios;
		};
/* End PBXContainerItemProxy section */

/* Begin PBXCopyFilesBuildPhase section */
		9E7F36042275968E00139DE6 /* Embed Frameworks */ = {
			isa = PBXCopyFilesBuildPhase;
			buildActionMask = 2147483647;
			dstPath = "";
			dstSubfolderSpec = 10;
			files = (
				9E55673524404E04004B1A5A /* KUI.framework in Embed Frameworks */,
				9E50E7DD239DF27400C8539A /* SharedCode.framework in Embed Frameworks */,
				9EF164AB243F770600E008E5 /* HUI.framework in Embed Frameworks */,
			);
			name = "Embed Frameworks";
			runOnlyForDeploymentPostprocessing = 0;
		};
/* End PBXCopyFilesBuildPhase section */

/* Begin PBXFileReference section */
		36B3BBD017FA8FEFB2EFCEB8 /* Pods_ios.framework */ = {isa = PBXFileReference; explicitFileType = wrapper.framework; includeInIndex = 0; path = Pods_ios.framework; sourceTree = BUILT_PRODUCTS_DIR; };
		4A2674E0F946834A73A3697F /* Pods-iosUITests.release.xcconfig */ = {isa = PBXFileReference; includeInIndex = 1; lastKnownFileType = text.xcconfig; name = "Pods-iosUITests.release.xcconfig"; path = "Target Support Files/Pods-iosUITests/Pods-iosUITests.release.xcconfig"; sourceTree = "<group>"; };
		4FEAF1D3919BD5A1CD1B37FE /* Pods-ios.debug.xcconfig */ = {isa = PBXFileReference; includeInIndex = 1; lastKnownFileType = text.xcconfig; name = "Pods-ios.debug.xcconfig"; path = "Target Support Files/Pods-ios/Pods-ios.debug.xcconfig"; sourceTree = "<group>"; };
		729D4BC42A87E23F9A4D32F7 /* Pods_iosUITests.framework */ = {isa = PBXFileReference; explicitFileType = wrapper.framework; includeInIndex = 0; path = Pods_iosUITests.framework; sourceTree = BUILT_PRODUCTS_DIR; };
		8151952FE6B2C013051021D1 /* Pods-iosTests.debug.xcconfig */ = {isa = PBXFileReference; includeInIndex = 1; lastKnownFileType = text.xcconfig; name = "Pods-iosTests.debug.xcconfig"; path = "Target Support Files/Pods-iosTests/Pods-iosTests.debug.xcconfig"; sourceTree = "<group>"; };
		97E1663E11F85141B5C74EE6 /* Pods-iosUITests.debug.xcconfig */ = {isa = PBXFileReference; includeInIndex = 1; lastKnownFileType = text.xcconfig; name = "Pods-iosUITests.debug.xcconfig"; path = "Target Support Files/Pods-iosUITests/Pods-iosUITests.debug.xcconfig"; sourceTree = "<group>"; };
		9E1028FC22CEF99A00BA61D1 /* 1.jpg */ = {isa = PBXFileReference; lastKnownFileType = image.jpeg; path = 1.jpg; sourceTree = "<group>"; };
		9E1028FD22CEF99B00BA61D1 /* 2.jpg */ = {isa = PBXFileReference; lastKnownFileType = image.jpeg; path = 2.jpg; sourceTree = "<group>"; };
		9E26243D22A9093100FCE622 /* BorderView.h */ = {isa = PBXFileReference; lastKnownFileType = sourcecode.c.h; path = BorderView.h; sourceTree = "<group>"; };
		9E26243E22A9093100FCE622 /* BorderView.m */ = {isa = PBXFileReference; lastKnownFileType = sourcecode.c.objc; path = BorderView.m; sourceTree = "<group>"; };
		9E2624AC22AF7BB800FCE622 /* ios-Bridging-Header.h */ = {isa = PBXFileReference; lastKnownFileType = sourcecode.c.h; path = "ios-Bridging-Header.h"; sourceTree = "<group>"; };
		9E2624AF22AF821600FCE622 /* UILib.framework */ = {isa = PBXFileReference; explicitFileType = wrapper.framework; path = UILib.framework; sourceTree = BUILT_PRODUCTS_DIR; };
		9E2624B122AF827700FCE622 /* UILib.framework */ = {isa = PBXFileReference; explicitFileType = wrapper.framework; path = UILib.framework; sourceTree = BUILT_PRODUCTS_DIR; };
		9E26259622AFD4D500FCE622 /* HUI.framework */ = {isa = PBXFileReference; explicitFileType = wrapper.framework; path = HUI.framework; sourceTree = BUILT_PRODUCTS_DIR; };
		9E4BA383227ECE8100D48F93 /* yst_image_care.png */ = {isa = PBXFileReference; lastKnownFileType = image.png; path = yst_image_care.png; sourceTree = "<group>"; };
		9E50E7DB239DF26F00C8539A /* SharedCode.framework */ = {isa = PBXFileReference; lastKnownFileType = wrapper.framework; name = SharedCode.framework; path = "../SharedCode/build/xcode-frameworks/SharedCode.framework"; sourceTree = "<group>"; };
		9E55673224404DBD004B1A5A /* KUI.framework */ = {isa = PBXFileReference; lastKnownFileType = wrapper.framework; name = KUI.framework; path = ../SharedCode/frameworks/KUI.framework; sourceTree = "<group>"; };
		9E7F35B0227573D500139DE6 /* ios.app */ = {isa = PBXFileReference; explicitFileType = wrapper.application; includeInIndex = 0; path = ios.app; sourceTree = BUILT_PRODUCTS_DIR; };
		9E7F35B3227573D500139DE6 /* AppDelegate.h */ = {isa = PBXFileReference; lastKnownFileType = sourcecode.c.h; path = AppDelegate.h; sourceTree = "<group>"; };
		9E7F35B4227573D500139DE6 /* AppDelegate.m */ = {isa = PBXFileReference; lastKnownFileType = sourcecode.c.objc; path = AppDelegate.m; sourceTree = "<group>"; };
		9E7F35B6227573D500139DE6 /* ViewController.h */ = {isa = PBXFileReference; lastKnownFileType = sourcecode.c.h; path = ViewController.h; sourceTree = "<group>"; };
		9E7F35B7227573D500139DE6 /* ViewController.m */ = {isa = PBXFileReference; lastKnownFileType = sourcecode.c.objc; path = ViewController.m; sourceTree = "<group>"; };
		9E7F35BA227573D500139DE6 /* Base */ = {isa = PBXFileReference; lastKnownFileType = file.storyboard; name = Base; path = Base.lproj/Main.storyboard; sourceTree = "<group>"; };
		9E7F35BD227573D500139DE6 /* ios.xcdatamodel */ = {isa = PBXFileReference; lastKnownFileType = wrapper.xcdatamodel; path = ios.xcdatamodel; sourceTree = "<group>"; };
		9E7F35BF227573D600139DE6 /* Assets.xcassets */ = {isa = PBXFileReference; lastKnownFileType = folder.assetcatalog; path = Assets.xcassets; sourceTree = "<group>"; };
		9E7F35C2227573D600139DE6 /* Base */ = {isa = PBXFileReference; lastKnownFileType = file.storyboard; name = Base; path = Base.lproj/LaunchScreen.storyboard; sourceTree = "<group>"; };
		9E7F35C4227573D600139DE6 /* Info.plist */ = {isa = PBXFileReference; lastKnownFileType = text.plist.xml; path = Info.plist; sourceTree = "<group>"; };
		9E7F35C5227573D600139DE6 /* main.m */ = {isa = PBXFileReference; lastKnownFileType = sourcecode.c.objc; path = main.m; sourceTree = "<group>"; };
		9E7F35CB227573D600139DE6 /* iosTests.xctest */ = {isa = PBXFileReference; explicitFileType = wrapper.cfbundle; includeInIndex = 0; path = iosTests.xctest; sourceTree = BUILT_PRODUCTS_DIR; };
		9E7F35CF227573D600139DE6 /* iosTests.m */ = {isa = PBXFileReference; lastKnownFileType = sourcecode.c.objc; path = iosTests.m; sourceTree = "<group>"; };
		9E7F35D1227573D600139DE6 /* Info.plist */ = {isa = PBXFileReference; lastKnownFileType = text.plist.xml; path = Info.plist; sourceTree = "<group>"; };
		9E7F35D6227573D600139DE6 /* iosUITests.xctest */ = {isa = PBXFileReference; explicitFileType = wrapper.cfbundle; includeInIndex = 0; path = iosUITests.xctest; sourceTree = BUILT_PRODUCTS_DIR; };
		9E7F35DA227573D600139DE6 /* iosUITests.m */ = {isa = PBXFileReference; lastKnownFileType = sourcecode.c.objc; path = iosUITests.m; sourceTree = "<group>"; };
		9E7F35DC227573D600139DE6 /* Info.plist */ = {isa = PBXFileReference; lastKnownFileType = text.plist.xml; path = Info.plist; sourceTree = "<group>"; };
		9EF16456243F0E2B00E008E5 /* Slider.kt */ = {isa = PBXFileReference; fileEncoding = 4; lastKnownFileType = text; path = Slider.kt; sourceTree = "<group>"; };
		9EF16457243F0E2B00E008E5 /* Platform.kt */ = {isa = PBXFileReference; fileEncoding = 4; lastKnownFileType = text; path = Platform.kt; sourceTree = "<group>"; };
		9EF16458243F0E2B00E008E5 /* ScrollView.kt */ = {isa = PBXFileReference; fileEncoding = 4; lastKnownFileType = text; path = ScrollView.kt; sourceTree = "<group>"; };
		9EF16459243F0E2B00E008E5 /* Button.kt */ = {isa = PBXFileReference; fileEncoding = 4; lastKnownFileType = text; path = Button.kt; sourceTree = "<group>"; };
		9EF1645A243F0E2B00E008E5 /* View.kt */ = {isa = PBXFileReference; fileEncoding = 4; lastKnownFileType = text; path = View.kt; sourceTree = "<group>"; };
		9EF1645B243F0E2B00E008E5 /* Image.kt */ = {isa = PBXFileReference; fileEncoding = 4; lastKnownFileType = text; path = Image.kt; sourceTree = "<group>"; };
		9EF1645D243F0E2B00E008E5 /* IOSAnimation.kt */ = {isa = PBXFileReference; fileEncoding = 4; lastKnownFileType = text; path = IOSAnimation.kt; sourceTree = "<group>"; };
		9EF1645F243F0E2B00E008E5 /* StateListColor.kt */ = {isa = PBXFileReference; fileEncoding = 4; lastKnownFileType = text; path = StateListColor.kt; sourceTree = "<group>"; };
		9EF16461243F0E2B00E008E5 /* IOSCollectionView.kt */ = {isa = PBXFileReference; fileEncoding = 4; lastKnownFileType = text; path = IOSCollectionView.kt; sourceTree = "<group>"; };
		9EF16462243F0E2B00E008E5 /* IOSCollectionViewLayout.kt */ = {isa = PBXFileReference; fileEncoding = 4; lastKnownFileType = text; path = IOSCollectionViewLayout.kt; sourceTree = "<group>"; };
		9EF16463243F0E2B00E008E5 /* IOSInputView.kt */ = {isa = PBXFileReference; fileEncoding = 4; lastKnownFileType = text; path = IOSInputView.kt; sourceTree = "<group>"; };
		9EF16464243F0E2B00E008E5 /* IOSButtonView.kt */ = {isa = PBXFileReference; fileEncoding = 4; lastKnownFileType = text; path = IOSButtonView.kt; sourceTree = "<group>"; };
		9EF16465243F0E2B00E008E5 /* Background.kt */ = {isa = PBXFileReference; fileEncoding = 4; lastKnownFileType = text; path = Background.kt; sourceTree = "<group>"; };
		9EF16466243F0E2B00E008E5 /* IOSTextView.kt */ = {isa = PBXFileReference; fileEncoding = 4; lastKnownFileType = text; path = IOSTextView.kt; sourceTree = "<group>"; };
		9EF16467243F0E2B00E008E5 /* IOSScrollView.kt */ = {isa = PBXFileReference; fileEncoding = 4; lastKnownFileType = text; path = IOSScrollView.kt; sourceTree = "<group>"; };
		9EF16468243F0E2B00E008E5 /* IOSView.kt */ = {isa = PBXFileReference; fileEncoding = 4; lastKnownFileType = text; path = IOSView.kt; sourceTree = "<group>"; };
		9EF16469243F0E2B00E008E5 /* IOSImageView.kt */ = {isa = PBXFileReference; fileEncoding = 4; lastKnownFileType = text; path = IOSImageView.kt; sourceTree = "<group>"; };
		9EF1646B243F0E2B00E008E5 /* CollectionView.kt */ = {isa = PBXFileReference; fileEncoding = 4; lastKnownFileType = text; path = CollectionView.kt; sourceTree = "<group>"; };
		9EF1646C243F0E2B00E008E5 /* CollectionViewCell.kt */ = {isa = PBXFileReference; fileEncoding = 4; lastKnownFileType = text; path = CollectionViewCell.kt; sourceTree = "<group>"; };
		9EF1646D243F0E2B00E008E5 /* ImageView.kt */ = {isa = PBXFileReference; fileEncoding = 4; lastKnownFileType = text; path = ImageView.kt; sourceTree = "<group>"; };
		9EF1646E243F0E2B00E008E5 /* TextView.kt */ = {isa = PBXFileReference; fileEncoding = 4; lastKnownFileType = text; path = TextView.kt; sourceTree = "<group>"; };
		9EF1646F243F0E2B00E008E5 /* TextInput.kt */ = {isa = PBXFileReference; fileEncoding = 4; lastKnownFileType = text; path = TextInput.kt; sourceTree = "<group>"; };
		9EF16470243F0E2B00E008E5 /* Layout.kt */ = {isa = PBXFileReference; fileEncoding = 4; lastKnownFileType = text; path = Layout.kt; sourceTree = "<group>"; };
		9EF16471243F0E2B00E008E5 /* Touches.kt */ = {isa = PBXFileReference; fileEncoding = 4; lastKnownFileType = text; path = Touches.kt; sourceTree = "<group>"; };
		9EF1648A243F0E4E00E008E5 /* Screen.kt */ = {isa = PBXFileReference; fileEncoding = 4; lastKnownFileType = text; name = Screen.kt; path = ../../SharedCode/src/commonMain/kotlin/com/hitales/ui/Screen.kt; sourceTree = "<group>"; };
		9EF1648B243F0E4E00E008E5 /* Window.kt */ = {isa = PBXFileReference; fileEncoding = 4; lastKnownFileType = text; name = Window.kt; path = ../../SharedCode/src/commonMain/kotlin/com/hitales/ui/Window.kt; sourceTree = "<group>"; };
		9EF1648E243F155D00E008E5 /* NotificationCenter.kt */ = {isa = PBXFileReference; fileEncoding = 4; lastKnownFileType = text; name = NotificationCenter.kt; path = ../../SharedCode/src/commonMain/kotlin/com/hitales/utils/NotificationCenter.kt; sourceTree = "<group>"; };
		9EF16491243F277100E008E5 /* ColumnCalculator.kt */ = {isa = PBXFileReference; fileEncoding = 4; lastKnownFileType = text; path = ColumnCalculator.kt; sourceTree = "<group>"; };
		9EF16492243F277100E008E5 /* FlexLayoutParams.kt */ = {isa = PBXFileReference; fileEncoding = 4; lastKnownFileType = text; path = FlexLayoutParams.kt; sourceTree = "<group>"; };
		9EF16493243F277100E008E5 /* FlexCalculator.kt */ = {isa = PBXFileReference; fileEncoding = 4; lastKnownFileType = text; path = FlexCalculator.kt; sourceTree = "<group>"; };
		9EF16494243F277100E008E5 /* FlexLayout.kt */ = {isa = PBXFileReference; fileEncoding = 4; lastKnownFileType = text; path = FlexLayout.kt; sourceTree = "<group>"; };
		9EF16495243F277100E008E5 /* RowWrapCalculator.kt */ = {isa = PBXFileReference; fileEncoding = 4; lastKnownFileType = text; path = RowWrapCalculator.kt; sourceTree = "<group>"; };
		9EF16496243F277100E008E5 /* RowCalculator.kt */ = {isa = PBXFileReference; fileEncoding = 4; lastKnownFileType = text; path = RowCalculator.kt; sourceTree = "<group>"; };
		9EF16497243F277100E008E5 /* ColumnWrapCalculator.kt */ = {isa = PBXFileReference; fileEncoding = 4; lastKnownFileType = text; path = ColumnWrapCalculator.kt; sourceTree = "<group>"; };
		9EF164A8243F75E400E008E5 /* HUI.framework */ = {isa = PBXFileReference; lastKnownFileType = wrapper.framework; path = HUI.framework; sourceTree = "<group>"; };
		B1E09557C82F506CE3629124 /* Pods-ios.release.xcconfig */ = {isa = PBXFileReference; includeInIndex = 1; lastKnownFileType = text.xcconfig; name = "Pods-ios.release.xcconfig"; path = "Target Support Files/Pods-ios/Pods-ios.release.xcconfig"; sourceTree = "<group>"; };
		DD0055EAB2DE74C949B59C7E /* Pods_iosTests.framework */ = {isa = PBXFileReference; explicitFileType = wrapper.framework; includeInIndex = 0; path = Pods_iosTests.framework; sourceTree = BUILT_PRODUCTS_DIR; };
		FCFDC605A81A92C223C31C60 /* Pods-iosTests.release.xcconfig */ = {isa = PBXFileReference; includeInIndex = 1; lastKnownFileType = text.xcconfig; name = "Pods-iosTests.release.xcconfig"; path = "Target Support Files/Pods-iosTests/Pods-iosTests.release.xcconfig"; sourceTree = "<group>"; };
/* End PBXFileReference section */

/* Begin PBXFrameworksBuildPhase section */
		9E7F35AD227573D500139DE6 /* Frameworks */ = {
			isa = PBXFrameworksBuildPhase;
			buildActionMask = 2147483647;
			files = (
				9E50E7DC239DF26F00C8539A /* SharedCode.framework in Frameworks */,
				F5C28363258CEFCF96104653 /* Pods_ios.framework in Frameworks */,
				9E55673424404E04004B1A5A /* KUI.framework in Frameworks */,
				9EF164AA243F770600E008E5 /* HUI.framework in Frameworks */,
			);
			runOnlyForDeploymentPostprocessing = 0;
		};
		9E7F35C8227573D600139DE6 /* Frameworks */ = {
			isa = PBXFrameworksBuildPhase;
			buildActionMask = 2147483647;
			files = (
				86C72D1EBC26F6DDFAAD018C /* Pods_iosTests.framework in Frameworks */,
			);
			runOnlyForDeploymentPostprocessing = 0;
		};
		9E7F35D3227573D600139DE6 /* Frameworks */ = {
			isa = PBXFrameworksBuildPhase;
			buildActionMask = 2147483647;
			files = (
				E569592B43383F64BC0AA4B6 /* Pods_iosUITests.framework in Frameworks */,
			);
			runOnlyForDeploymentPostprocessing = 0;
		};
/* End PBXFrameworksBuildPhase section */

/* Begin PBXGroup section */
		3E4ED3D856B8CD05C48DB037 /* Pods */ = {
			isa = PBXGroup;
			children = (
				4FEAF1D3919BD5A1CD1B37FE /* Pods-ios.debug.xcconfig */,
				B1E09557C82F506CE3629124 /* Pods-ios.release.xcconfig */,
				8151952FE6B2C013051021D1 /* Pods-iosTests.debug.xcconfig */,
				FCFDC605A81A92C223C31C60 /* Pods-iosTests.release.xcconfig */,
				97E1663E11F85141B5C74EE6 /* Pods-iosUITests.debug.xcconfig */,
				4A2674E0F946834A73A3697F /* Pods-iosUITests.release.xcconfig */,
			);
			path = Pods;
			sourceTree = "<group>";
		};
		9E4BA382227ECE6C00D48F93 /* images */ = {
			isa = PBXGroup;
			children = (
				9E1028FC22CEF99A00BA61D1 /* 1.jpg */,
				9E1028FD22CEF99B00BA61D1 /* 2.jpg */,
				9E4BA383227ECE8100D48F93 /* yst_image_care.png */,
			);
			path = images;
			sourceTree = "<group>";
		};
		9E7F35A7227573D500139DE6 = {
			isa = PBXGroup;
			children = (
				9E55673224404DBD004B1A5A /* KUI.framework */,
				9EF164A8243F75E400E008E5 /* HUI.framework */,
				9E50E7DB239DF26F00C8539A /* SharedCode.framework */,
				9E26243D22A9093100FCE622 /* BorderView.h */,
				9E26243E22A9093100FCE622 /* BorderView.m */,
				9E4BA382227ECE6C00D48F93 /* images */,
				9E7F35B2227573D500139DE6 /* ios */,
				9E7F35CE227573D600139DE6 /* iosTests */,
				9E7F35D9227573D600139DE6 /* iosUITests */,
				9E7F35B1227573D500139DE6 /* Products */,
				3E4ED3D856B8CD05C48DB037 /* Pods */,
				F5A0B1EDAE8C99D411010BF2 /* Frameworks */,
			);
			sourceTree = "<group>";
		};
		9E7F35B1227573D500139DE6 /* Products */ = {
			isa = PBXGroup;
			children = (
				9E7F35B0227573D500139DE6 /* ios.app */,
				9E7F35CB227573D600139DE6 /* iosTests.xctest */,
				9E7F35D6227573D600139DE6 /* iosUITests.xctest */,
			);
			name = Products;
			sourceTree = "<group>";
		};
		9E7F35B2227573D500139DE6 /* ios */ = {
			isa = PBXGroup;
			children = (
				9EF16490243F276F00E008E5 /* flex */,
				9EF1648E243F155D00E008E5 /* NotificationCenter.kt */,
				9EF1648A243F0E4E00E008E5 /* Screen.kt */,
				9EF1648B243F0E4E00E008E5 /* Window.kt */,
				9EF16455243F0E2B00E008E5 /* ui */,
				9E7F35B3227573D500139DE6 /* AppDelegate.h */,
				9E7F35B4227573D500139DE6 /* AppDelegate.m */,
				9E7F35B6227573D500139DE6 /* ViewController.h */,
				9E7F35B7227573D500139DE6 /* ViewController.m */,
				9E7F35B9227573D500139DE6 /* Main.storyboard */,
				9E7F35BF227573D600139DE6 /* Assets.xcassets */,
				9E7F35C1227573D600139DE6 /* LaunchScreen.storyboard */,
				9E7F35C4227573D600139DE6 /* Info.plist */,
				9E7F35C5227573D600139DE6 /* main.m */,
				9E7F35BC227573D500139DE6 /* ios.xcdatamodeld */,
				9E2624AC22AF7BB800FCE622 /* ios-Bridging-Header.h */,
			);
			path = ios;
			sourceTree = "<group>";
		};
		9E7F35CE227573D600139DE6 /* iosTests */ = {
			isa = PBXGroup;
			children = (
				9E7F35CF227573D600139DE6 /* iosTests.m */,
				9E7F35D1227573D600139DE6 /* Info.plist */,
			);
			path = iosTests;
			sourceTree = "<group>";
		};
		9E7F35D9227573D600139DE6 /* iosUITests */ = {
			isa = PBXGroup;
			children = (
				9E7F35DA227573D600139DE6 /* iosUITests.m */,
				9E7F35DC227573D600139DE6 /* Info.plist */,
			);
			path = iosUITests;
			sourceTree = "<group>";
		};
		9EF16455243F0E2B00E008E5 /* ui */ = {
			isa = PBXGroup;
			children = (
				9EF16456243F0E2B00E008E5 /* Slider.kt */,
				9EF16457243F0E2B00E008E5 /* Platform.kt */,
				9EF16458243F0E2B00E008E5 /* ScrollView.kt */,
				9EF16459243F0E2B00E008E5 /* Button.kt */,
				9EF1645A243F0E2B00E008E5 /* View.kt */,
				9EF1645B243F0E2B00E008E5 /* Image.kt */,
				9EF1645C243F0E2B00E008E5 /* animation */,
				9EF1645E243F0E2B00E008E5 /* ios */,
				9EF1646A243F0E2B00E008E5 /* recycler */,
				9EF1646D243F0E2B00E008E5 /* ImageView.kt */,
				9EF1646E243F0E2B00E008E5 /* TextView.kt */,
				9EF1646F243F0E2B00E008E5 /* TextInput.kt */,
				9EF16470243F0E2B00E008E5 /* Layout.kt */,
				9EF16471243F0E2B00E008E5 /* Touches.kt */,
			);
			name = ui;
			path = ../../SharedCode/src/iosMain/kotlin/com/hitales/ui;
			sourceTree = "<group>";
		};
		9EF1645C243F0E2B00E008E5 /* animation */ = {
			isa = PBXGroup;
			children = (
				9EF1645D243F0E2B00E008E5 /* IOSAnimation.kt */,
			);
			path = animation;
			sourceTree = "<group>";
		};
		9EF1645E243F0E2B00E008E5 /* ios */ = {
			isa = PBXGroup;
			children = (
				9EF1645F243F0E2B00E008E5 /* StateListColor.kt */,
				9EF16460243F0E2B00E008E5 /* recycler */,
				9EF16463243F0E2B00E008E5 /* IOSInputView.kt */,
				9EF16464243F0E2B00E008E5 /* IOSButtonView.kt */,
				9EF16465243F0E2B00E008E5 /* Background.kt */,
				9EF16466243F0E2B00E008E5 /* IOSTextView.kt */,
				9EF16467243F0E2B00E008E5 /* IOSScrollView.kt */,
				9EF16468243F0E2B00E008E5 /* IOSView.kt */,
				9EF16469243F0E2B00E008E5 /* IOSImageView.kt */,
			);
			path = ios;
			sourceTree = "<group>";
		};
		9EF16460243F0E2B00E008E5 /* recycler */ = {
			isa = PBXGroup;
			children = (
				9EF16461243F0E2B00E008E5 /* IOSCollectionView.kt */,
				9EF16462243F0E2B00E008E5 /* IOSCollectionViewLayout.kt */,
			);
			path = recycler;
			sourceTree = "<group>";
		};
		9EF1646A243F0E2B00E008E5 /* recycler */ = {
			isa = PBXGroup;
			children = (
				9EF1646B243F0E2B00E008E5 /* CollectionView.kt */,
				9EF1646C243F0E2B00E008E5 /* CollectionViewCell.kt */,
			);
			path = recycler;
			sourceTree = "<group>";
		};
		9EF16490243F276F00E008E5 /* flex */ = {
			isa = PBXGroup;
			children = (
				9EF16491243F277100E008E5 /* ColumnCalculator.kt */,
				9EF16492243F277100E008E5 /* FlexLayoutParams.kt */,
				9EF16493243F277100E008E5 /* FlexCalculator.kt */,
				9EF16494243F277100E008E5 /* FlexLayout.kt */,
				9EF16495243F277100E008E5 /* RowWrapCalculator.kt */,
				9EF16496243F277100E008E5 /* RowCalculator.kt */,
				9EF16497243F277100E008E5 /* ColumnWrapCalculator.kt */,
			);
			name = flex;
			path = ../../SharedCode/src/commonMain/kotlin/com/hitales/ui/layout/flex;
			sourceTree = "<group>";
		};
		F5A0B1EDAE8C99D411010BF2 /* Frameworks */ = {
			isa = PBXGroup;
			children = (
				9E26259622AFD4D500FCE622 /* HUI.framework */,
				9E2624B122AF827700FCE622 /* UILib.framework */,
				9E2624AF22AF821600FCE622 /* UILib.framework */,
				36B3BBD017FA8FEFB2EFCEB8 /* Pods_ios.framework */,
				DD0055EAB2DE74C949B59C7E /* Pods_iosTests.framework */,
				729D4BC42A87E23F9A4D32F7 /* Pods_iosUITests.framework */,
			);
			name = Frameworks;
			sourceTree = "<group>";
		};
/* End PBXGroup section */

/* Begin PBXNativeTarget section */
		9E7F35AF227573D500139DE6 /* ios */ = {
			isa = PBXNativeTarget;
			buildConfigurationList = 9E7F35DF227573D600139DE6 /* Build configuration list for PBXNativeTarget "ios" */;
			buildPhases = (
				99981BD4D0E891E2E759BCB4 /* [CP] Check Pods Manifest.lock */,
				9E7F35EC227594D200139DE6 /* GenShareCode */,
				9E7F35AC227573D500139DE6 /* Sources */,
				9E7F35AD227573D500139DE6 /* Frameworks */,
				9E7F35AE227573D500139DE6 /* Resources */,
				9E7F36042275968E00139DE6 /* Embed Frameworks */,
			);
			buildRules = (
			);
			dependencies = (
			);
			name = ios;
			productName = ios;
			productReference = 9E7F35B0227573D500139DE6 /* ios.app */;
			productType = "com.apple.product-type.application";
		};
		9E7F35CA227573D600139DE6 /* iosTests */ = {
			isa = PBXNativeTarget;
			buildConfigurationList = 9E7F35E2227573D600139DE6 /* Build configuration list for PBXNativeTarget "iosTests" */;
			buildPhases = (
				079818F20A735C77A5236EFD /* [CP] Check Pods Manifest.lock */,
				9E7F35C7227573D600139DE6 /* Sources */,
				9E7F35C8227573D600139DE6 /* Frameworks */,
				9E7F35C9227573D600139DE6 /* Resources */,
			);
			buildRules = (
			);
			dependencies = (
				9E7F35CD227573D600139DE6 /* PBXTargetDependency */,
			);
			name = iosTests;
			productName = iosTests;
			productReference = 9E7F35CB227573D600139DE6 /* iosTests.xctest */;
			productType = "com.apple.product-type.bundle.unit-test";
		};
		9E7F35D5227573D600139DE6 /* iosUITests */ = {
			isa = PBXNativeTarget;
			buildConfigurationList = 9E7F35E5227573D600139DE6 /* Build configuration list for PBXNativeTarget "iosUITests" */;
			buildPhases = (
				A99CAE4B90973554068F9203 /* [CP] Check Pods Manifest.lock */,
				9E7F35D2227573D600139DE6 /* Sources */,
				9E7F35D3227573D600139DE6 /* Frameworks */,
				9E7F35D4227573D600139DE6 /* Resources */,
			);
			buildRules = (
			);
			dependencies = (
				9E7F35D8227573D600139DE6 /* PBXTargetDependency */,
			);
			name = iosUITests;
			productName = iosUITests;
			productReference = 9E7F35D6227573D600139DE6 /* iosUITests.xctest */;
			productType = "com.apple.product-type.bundle.ui-testing";
		};
/* End PBXNativeTarget section */

/* Begin PBXProject section */
		9E7F35A8227573D500139DE6 /* Project object */ = {
			isa = PBXProject;
			attributes = {
				LastUpgradeCheck = 1020;
				ORGANIZATIONNAME = "廖敏";
				TargetAttributes = {
					9E7F35AF227573D500139DE6 = {
						CreatedOnToolsVersion = 10.2.1;
						LastSwiftMigration = 1020;
					};
					9E7F35CA227573D600139DE6 = {
						CreatedOnToolsVersion = 10.2.1;
						TestTargetID = 9E7F35AF227573D500139DE6;
					};
					9E7F35D5227573D600139DE6 = {
						CreatedOnToolsVersion = 10.2.1;
						TestTargetID = 9E7F35AF227573D500139DE6;
					};
				};
			};
			buildConfigurationList = 9E7F35AB227573D500139DE6 /* Build configuration list for PBXProject "ios" */;
			compatibilityVersion = "Xcode 9.3";
			developmentRegion = en;
			hasScannedForEncodings = 0;
			knownRegions = (
				en,
				Base,
			);
			mainGroup = 9E7F35A7227573D500139DE6;
			productRefGroup = 9E7F35B1227573D500139DE6 /* Products */;
			projectDirPath = "";
			projectRoot = "";
			targets = (
				9E7F35AF227573D500139DE6 /* ios */,
				9E7F35CA227573D600139DE6 /* iosTests */,
				9E7F35D5227573D600139DE6 /* iosUITests */,
			);
		};
/* End PBXProject section */

/* Begin PBXResourcesBuildPhase section */
		9E7F35AE227573D500139DE6 /* Resources */ = {
			isa = PBXResourcesBuildPhase;
			buildActionMask = 2147483647;
			files = (
				9EF16499243F277100E008E5 /* FlexLayoutParams.kt in Resources */,
				9EF16498243F277100E008E5 /* ColumnCalculator.kt in Resources */,
				9EF16477243F0E2C00E008E5 /* Image.kt in Resources */,
				9EF16484243F0E2C00E008E5 /* CollectionViewCell.kt in Resources */,
				9EF16481243F0E2C00E008E5 /* IOSView.kt in Resources */,
				9E1028FF22CEF99B00BA61D1 /* 2.jpg in Resources */,
				9E7F35C3227573D600139DE6 /* LaunchScreen.storyboard in Resources */,
				9EF1648C243F0E4E00E008E5 /* Screen.kt in Resources */,
				9E4BA384227ECE8100D48F93 /* yst_image_care.png in Resources */,
				9EF16472243F0E2C00E008E5 /* Slider.kt in Resources */,
				9EF1649D243F277100E008E5 /* RowCalculator.kt in Resources */,
				9EF16485243F0E2C00E008E5 /* ImageView.kt in Resources */,
				9EF16482243F0E2C00E008E5 /* IOSImageView.kt in Resources */,
				9EF1647C243F0E2C00E008E5 /* IOSInputView.kt in Resources */,
				9EF1649E243F277100E008E5 /* ColumnWrapCalculator.kt in Resources */,
				9E7F35C0227573D600139DE6 /* Assets.xcassets in Resources */,
				9EF16473243F0E2C00E008E5 /* Platform.kt in Resources */,
				9EF16488243F0E2C00E008E5 /* Layout.kt in Resources */,
				9EF1648D243F0E4E00E008E5 /* Window.kt in Resources */,
				9EF1647B243F0E2C00E008E5 /* IOSCollectionViewLayout.kt in Resources */,
				9E7F35BB227573D500139DE6 /* Main.storyboard in Resources */,
				9EF16487243F0E2C00E008E5 /* TextInput.kt in Resources */,
				9EF16479243F0E2C00E008E5 /* StateListColor.kt in Resources */,
				9EF16483243F0E2C00E008E5 /* CollectionView.kt in Resources */,
				9EF16489243F0E2C00E008E5 /* Touches.kt in Resources */,
				9EF1649C243F277100E008E5 /* RowWrapCalculator.kt in Resources */,
				9EF16480243F0E2C00E008E5 /* IOSScrollView.kt in Resources */,
				9EF1647D243F0E2C00E008E5 /* IOSButtonView.kt in Resources */,
				9EF16474243F0E2C00E008E5 /* ScrollView.kt in Resources */,
				9EF1647E243F0E2C00E008E5 /* Background.kt in Resources */,
				9EF1649A243F277100E008E5 /* FlexCalculator.kt in Resources */,
				9EF1647F243F0E2C00E008E5 /* IOSTextView.kt in Resources */,
				9EF1648F243F155E00E008E5 /* NotificationCenter.kt in Resources */,
				9EF1649B243F277100E008E5 /* FlexLayout.kt in Resources */,
				9EF16475243F0E2C00E008E5 /* Button.kt in Resources */,
				9EF16486243F0E2C00E008E5 /* TextView.kt in Resources */,
				9EF1647A243F0E2C00E008E5 /* IOSCollectionView.kt in Resources */,
				9E1028FE22CEF99B00BA61D1 /* 1.jpg in Resources */,
				9EF16476243F0E2C00E008E5 /* View.kt in Resources */,
				9EF16478243F0E2C00E008E5 /* IOSAnimation.kt in Resources */,
			);
			runOnlyForDeploymentPostprocessing = 0;
		};
		9E7F35C9227573D600139DE6 /* Resources */ = {
			isa = PBXResourcesBuildPhase;
			buildActionMask = 2147483647;
			files = (
			);
			runOnlyForDeploymentPostprocessing = 0;
		};
		9E7F35D4227573D600139DE6 /* Resources */ = {
			isa = PBXResourcesBuildPhase;
			buildActionMask = 2147483647;
			files = (
			);
			runOnlyForDeploymentPostprocessing = 0;
		};
/* End PBXResourcesBuildPhase section */

/* Begin PBXShellScriptBuildPhase section */
		079818F20A735C77A5236EFD /* [CP] Check Pods Manifest.lock */ = {
			isa = PBXShellScriptBuildPhase;
			buildActionMask = 2147483647;
			files = (
			);
			inputFileListPaths = (
			);
			inputPaths = (
				"${PODS_PODFILE_DIR_PATH}/Podfile.lock",
				"${PODS_ROOT}/Manifest.lock",
			);
			name = "[CP] Check Pods Manifest.lock";
			outputFileListPaths = (
			);
			outputPaths = (
				"$(DERIVED_FILE_DIR)/Pods-iosTests-checkManifestLockResult.txt",
			);
			runOnlyForDeploymentPostprocessing = 0;
			shellPath = /bin/sh;
			shellScript = "diff \"${PODS_PODFILE_DIR_PATH}/Podfile.lock\" \"${PODS_ROOT}/Manifest.lock\" > /dev/null\nif [ $? != 0 ] ; then\n    # print error to STDERR\n    echo \"error: The sandbox is not in sync with the Podfile.lock. Run 'pod install' or update your CocoaPods installation.\" >&2\n    exit 1\nfi\n# This output is used by Xcode 'outputs' to avoid re-running this script phase.\necho \"SUCCESS\" > \"${SCRIPT_OUTPUT_FILE_0}\"\n";
			showEnvVarsInLog = 0;
		};
		99981BD4D0E891E2E759BCB4 /* [CP] Check Pods Manifest.lock */ = {
			isa = PBXShellScriptBuildPhase;
			buildActionMask = 2147483647;
			files = (
			);
			inputFileListPaths = (
			);
			inputPaths = (
				"${PODS_PODFILE_DIR_PATH}/Podfile.lock",
				"${PODS_ROOT}/Manifest.lock",
			);
			name = "[CP] Check Pods Manifest.lock";
			outputFileListPaths = (
			);
			outputPaths = (
				"$(DERIVED_FILE_DIR)/Pods-ios-checkManifestLockResult.txt",
			);
			runOnlyForDeploymentPostprocessing = 0;
			shellPath = /bin/sh;
			shellScript = "diff \"${PODS_PODFILE_DIR_PATH}/Podfile.lock\" \"${PODS_ROOT}/Manifest.lock\" > /dev/null\nif [ $? != 0 ] ; then\n    # print error to STDERR\n    echo \"error: The sandbox is not in sync with the Podfile.lock. Run 'pod install' or update your CocoaPods installation.\" >&2\n    exit 1\nfi\n# This output is used by Xcode 'outputs' to avoid re-running this script phase.\necho \"SUCCESS\" > \"${SCRIPT_OUTPUT_FILE_0}\"\n";
			showEnvVarsInLog = 0;
		};
		9E7F35EC227594D200139DE6 /* GenShareCode */ = {
			isa = PBXShellScriptBuildPhase;
			buildActionMask = 2147483647;
			files = (
			);
			inputFileListPaths = (
			);
			inputPaths = (
			);
			name = GenShareCode;
			outputFileListPaths = (
			);
			outputPaths = (
			);
			runOnlyForDeploymentPostprocessing = 0;
			shellPath = /bin/sh;
			shellScript = "# Type a script or drag a script file from your workspace to insert its path.\ncd \"${SRCROOT}/../SharedCode/build/xcode-frameworks\"\n./gradlew :SharedCode:packForXCode -PXCODE_CONFIGURATION=${CONFIGURATION}\n";
		};
		A99CAE4B90973554068F9203 /* [CP] Check Pods Manifest.lock */ = {
			isa = PBXShellScriptBuildPhase;
			buildActionMask = 2147483647;
			files = (
			);
			inputFileListPaths = (
			);
			inputPaths = (
				"${PODS_PODFILE_DIR_PATH}/Podfile.lock",
				"${PODS_ROOT}/Manifest.lock",
			);
			name = "[CP] Check Pods Manifest.lock";
			outputFileListPaths = (
			);
			outputPaths = (
				"$(DERIVED_FILE_DIR)/Pods-iosUITests-checkManifestLockResult.txt",
			);
			runOnlyForDeploymentPostprocessing = 0;
			shellPath = /bin/sh;
			shellScript = "diff \"${PODS_PODFILE_DIR_PATH}/Podfile.lock\" \"${PODS_ROOT}/Manifest.lock\" > /dev/null\nif [ $? != 0 ] ; then\n    # print error to STDERR\n    echo \"error: The sandbox is not in sync with the Podfile.lock. Run 'pod install' or update your CocoaPods installation.\" >&2\n    exit 1\nfi\n# This output is used by Xcode 'outputs' to avoid re-running this script phase.\necho \"SUCCESS\" > \"${SCRIPT_OUTPUT_FILE_0}\"\n";
			showEnvVarsInLog = 0;
		};
/* End PBXShellScriptBuildPhase section */

/* Begin PBXSourcesBuildPhase section */
		9E7F35AC227573D500139DE6 /* Sources */ = {
			isa = PBXSourcesBuildPhase;
			buildActionMask = 2147483647;
			files = (
				9E7F35BE227573D500139DE6 /* ios.xcdatamodeld in Sources */,
				9E7F35B8227573D500139DE6 /* ViewController.m in Sources */,
				9E26243F22A9093100FCE622 /* BorderView.m in Sources */,
				9E7F35C6227573D600139DE6 /* main.m in Sources */,
				9E7F35B5227573D500139DE6 /* AppDelegate.m in Sources */,
			);
			runOnlyForDeploymentPostprocessing = 0;
		};
		9E7F35C7227573D600139DE6 /* Sources */ = {
			isa = PBXSourcesBuildPhase;
			buildActionMask = 2147483647;
			files = (
				9E7F35D0227573D600139DE6 /* iosTests.m in Sources */,
			);
			runOnlyForDeploymentPostprocessing = 0;
		};
		9E7F35D2227573D600139DE6 /* Sources */ = {
			isa = PBXSourcesBuildPhase;
			buildActionMask = 2147483647;
			files = (
				9E7F35DB227573D600139DE6 /* iosUITests.m in Sources */,
			);
			runOnlyForDeploymentPostprocessing = 0;
		};
/* End PBXSourcesBuildPhase section */

/* Begin PBXTargetDependency section */
		9E7F35CD227573D600139DE6 /* PBXTargetDependency */ = {
			isa = PBXTargetDependency;
			target = 9E7F35AF227573D500139DE6 /* ios */;
			targetProxy = 9E7F35CC227573D600139DE6 /* PBXContainerItemProxy */;
		};
		9E7F35D8227573D600139DE6 /* PBXTargetDependency */ = {
			isa = PBXTargetDependency;
			target = 9E7F35AF227573D500139DE6 /* ios */;
			targetProxy = 9E7F35D7227573D600139DE6 /* PBXContainerItemProxy */;
		};
/* End PBXTargetDependency section */

/* Begin PBXVariantGroup section */
		9E7F35B9227573D500139DE6 /* Main.storyboard */ = {
			isa = PBXVariantGroup;
			children = (
				9E7F35BA227573D500139DE6 /* Base */,
			);
			name = Main.storyboard;
			sourceTree = "<group>";
		};
		9E7F35C1227573D600139DE6 /* LaunchScreen.storyboard */ = {
			isa = PBXVariantGroup;
			children = (
				9E7F35C2227573D600139DE6 /* Base */,
			);
			name = LaunchScreen.storyboard;
			sourceTree = "<group>";
		};
/* End PBXVariantGroup section */

/* Begin XCBuildConfiguration section */
		9E7F35DD227573D600139DE6 /* Debug */ = {
			isa = XCBuildConfiguration;
			buildSettings = {
				ALWAYS_SEARCH_USER_PATHS = NO;
				CLANG_ANALYZER_NONNULL = YES;
				CLANG_ANALYZER_NUMBER_OBJECT_CONVERSION = YES_AGGRESSIVE;
				CLANG_CXX_LANGUAGE_STANDARD = "gnu++14";
				CLANG_CXX_LIBRARY = "libc++";
				CLANG_ENABLE_MODULES = YES;
				CLANG_ENABLE_OBJC_ARC = YES;
				CLANG_ENABLE_OBJC_WEAK = YES;
				CLANG_WARN_BLOCK_CAPTURE_AUTORELEASING = YES;
				CLANG_WARN_BOOL_CONVERSION = YES;
				CLANG_WARN_COMMA = YES;
				CLANG_WARN_CONSTANT_CONVERSION = YES;
				CLANG_WARN_DEPRECATED_OBJC_IMPLEMENTATIONS = YES;
				CLANG_WARN_DIRECT_OBJC_ISA_USAGE = YES_ERROR;
				CLANG_WARN_DOCUMENTATION_COMMENTS = YES;
				CLANG_WARN_EMPTY_BODY = YES;
				CLANG_WARN_ENUM_CONVERSION = YES;
				CLANG_WARN_INFINITE_RECURSION = YES;
				CLANG_WARN_INT_CONVERSION = YES;
				CLANG_WARN_NON_LITERAL_NULL_CONVERSION = YES;
				CLANG_WARN_OBJC_IMPLICIT_RETAIN_SELF = YES;
				CLANG_WARN_OBJC_LITERAL_CONVERSION = YES;
				CLANG_WARN_OBJC_ROOT_CLASS = YES_ERROR;
				CLANG_WARN_RANGE_LOOP_ANALYSIS = YES;
				CLANG_WARN_STRICT_PROTOTYPES = YES;
				CLANG_WARN_SUSPICIOUS_MOVE = YES;
				CLANG_WARN_UNGUARDED_AVAILABILITY = YES_AGGRESSIVE;
				CLANG_WARN_UNREACHABLE_CODE = YES;
				CLANG_WARN__DUPLICATE_METHOD_MATCH = YES;
				CODE_SIGN_IDENTITY = "iPhone Developer";
				COPY_PHASE_STRIP = NO;
				DEBUG_INFORMATION_FORMAT = dwarf;
				ENABLE_STRICT_OBJC_MSGSEND = YES;
				ENABLE_TESTABILITY = YES;
				GCC_C_LANGUAGE_STANDARD = gnu11;
				GCC_DYNAMIC_NO_PIC = NO;
				GCC_NO_COMMON_BLOCKS = YES;
				GCC_OPTIMIZATION_LEVEL = 0;
				GCC_PREPROCESSOR_DEFINITIONS = (
					"DEBUG=1",
					"$(inherited)",
				);
				GCC_WARN_64_TO_32_BIT_CONVERSION = YES;
				GCC_WARN_ABOUT_RETURN_TYPE = YES_ERROR;
				GCC_WARN_UNDECLARED_SELECTOR = YES;
				GCC_WARN_UNINITIALIZED_AUTOS = YES_AGGRESSIVE;
				GCC_WARN_UNUSED_FUNCTION = YES;
				GCC_WARN_UNUSED_VARIABLE = YES;
				IPHONEOS_DEPLOYMENT_TARGET = 12.2;
				MTL_ENABLE_DEBUG_INFO = INCLUDE_SOURCE;
				MTL_FAST_MATH = YES;
				ONLY_ACTIVE_ARCH = YES;
				SDKROOT = iphoneos;
			};
			name = Debug;
		};
		9E7F35DE227573D600139DE6 /* Release */ = {
			isa = XCBuildConfiguration;
			buildSettings = {
				ALWAYS_SEARCH_USER_PATHS = NO;
				CLANG_ANALYZER_NONNULL = YES;
				CLANG_ANALYZER_NUMBER_OBJECT_CONVERSION = YES_AGGRESSIVE;
				CLANG_CXX_LANGUAGE_STANDARD = "gnu++14";
				CLANG_CXX_LIBRARY = "libc++";
				CLANG_ENABLE_MODULES = YES;
				CLANG_ENABLE_OBJC_ARC = YES;
				CLANG_ENABLE_OBJC_WEAK = YES;
				CLANG_WARN_BLOCK_CAPTURE_AUTORELEASING = YES;
				CLANG_WARN_BOOL_CONVERSION = YES;
				CLANG_WARN_COMMA = YES;
				CLANG_WARN_CONSTANT_CONVERSION = YES;
				CLANG_WARN_DEPRECATED_OBJC_IMPLEMENTATIONS = YES;
				CLANG_WARN_DIRECT_OBJC_ISA_USAGE = YES_ERROR;
				CLANG_WARN_DOCUMENTATION_COMMENTS = YES;
				CLANG_WARN_EMPTY_BODY = YES;
				CLANG_WARN_ENUM_CONVERSION = YES;
				CLANG_WARN_INFINITE_RECURSION = YES;
				CLANG_WARN_INT_CONVERSION = YES;
				CLANG_WARN_NON_LITERAL_NULL_CONVERSION = YES;
				CLANG_WARN_OBJC_IMPLICIT_RETAIN_SELF = YES;
				CLANG_WARN_OBJC_LITERAL_CONVERSION = YES;
				CLANG_WARN_OBJC_ROOT_CLASS = YES_ERROR;
				CLANG_WARN_RANGE_LOOP_ANALYSIS = YES;
				CLANG_WARN_STRICT_PROTOTYPES = YES;
				CLANG_WARN_SUSPICIOUS_MOVE = YES;
				CLANG_WARN_UNGUARDED_AVAILABILITY = YES_AGGRESSIVE;
				CLANG_WARN_UNREACHABLE_CODE = YES;
				CLANG_WARN__DUPLICATE_METHOD_MATCH = YES;
				CODE_SIGN_IDENTITY = "iPhone Developer";
				COPY_PHASE_STRIP = NO;
				DEBUG_INFORMATION_FORMAT = "dwarf-with-dsym";
				ENABLE_NS_ASSERTIONS = NO;
				ENABLE_STRICT_OBJC_MSGSEND = YES;
				GCC_C_LANGUAGE_STANDARD = gnu11;
				GCC_NO_COMMON_BLOCKS = YES;
				GCC_WARN_64_TO_32_BIT_CONVERSION = YES;
				GCC_WARN_ABOUT_RETURN_TYPE = YES_ERROR;
				GCC_WARN_UNDECLARED_SELECTOR = YES;
				GCC_WARN_UNINITIALIZED_AUTOS = YES_AGGRESSIVE;
				GCC_WARN_UNUSED_FUNCTION = YES;
				GCC_WARN_UNUSED_VARIABLE = YES;
				IPHONEOS_DEPLOYMENT_TARGET = 12.2;
				MTL_ENABLE_DEBUG_INFO = NO;
				MTL_FAST_MATH = YES;
				SDKROOT = iphoneos;
				VALIDATE_PRODUCT = YES;
			};
			name = Release;
		};
		9E7F35E0227573D600139DE6 /* Debug */ = {
			isa = XCBuildConfiguration;
			baseConfigurationReference = 4FEAF1D3919BD5A1CD1B37FE /* Pods-ios.debug.xcconfig */;
			buildSettings = {
				ASSETCATALOG_COMPILER_APPICON_NAME = AppIcon;
				CLANG_ENABLE_MODULES = YES;
				CODE_SIGN_STYLE = Automatic;
				DEVELOPMENT_TEAM = HPXWNQ7G9P;
				ENABLE_BITCODE = NO;
				FRAMEWORK_SEARCH_PATHS = (
					"$(SRCROOT)/../SharedCode/build/xcode-frameworks",
					"$(inherited)",
					"$(PROJECT_DIR)",
				);
				INFOPLIST_FILE = ios/Info.plist;
				IPHONEOS_DEPLOYMENT_TARGET = 9.0;
				LD_RUNPATH_SEARCH_PATHS = (
					"$(inherited)",
					"@executable_path/Frameworks",
				);
				PRODUCT_BUNDLE_IDENTIFIER = com.hitales.general.pre;
				PRODUCT_NAME = "$(TARGET_NAME)";
				SWIFT_OBJC_BRIDGING_HEADER = "ios/ios-Bridging-Header.h";
				SWIFT_OPTIMIZATION_LEVEL = "-Onone";
				SWIFT_VERSION = 5.0;
				TARGETED_DEVICE_FAMILY = "1,2";
			};
			name = Debug;
		};
		9E7F35E1227573D600139DE6 /* Release */ = {
			isa = XCBuildConfiguration;
			baseConfigurationReference = B1E09557C82F506CE3629124 /* Pods-ios.release.xcconfig */;
			buildSettings = {
				ASSETCATALOG_COMPILER_APPICON_NAME = AppIcon;
				CLANG_ENABLE_MODULES = YES;
				CODE_SIGN_STYLE = Automatic;
				DEVELOPMENT_TEAM = HPXWNQ7G9P;
				ENABLE_BITCODE = NO;
				FRAMEWORK_SEARCH_PATHS = (
					"$(SRCROOT)/../SharedCode/build/xcode-frameworks",
					"$(inherited)",
					"$(PROJECT_DIR)",
				);
				INFOPLIST_FILE = ios/Info.plist;
				IPHONEOS_DEPLOYMENT_TARGET = 9.0;
				LD_RUNPATH_SEARCH_PATHS = (
					"$(inherited)",
					"@executable_path/Frameworks",
				);
				ONLY_ACTIVE_ARCH = YES;
				PRODUCT_BUNDLE_IDENTIFIER = com.hitales.general.pre;
				PRODUCT_NAME = "$(TARGET_NAME)";
				SWIFT_OBJC_BRIDGING_HEADER = "ios/ios-Bridging-Header.h";
				SWIFT_VERSION = 5.0;
				TARGETED_DEVICE_FAMILY = "1,2";
			};
			name = Release;
		};
		9E7F35E3227573D600139DE6 /* Debug */ = {
			isa = XCBuildConfiguration;
			baseConfigurationReference = 8151952FE6B2C013051021D1 /* Pods-iosTests.debug.xcconfig */;
			buildSettings = {
				BUNDLE_LOADER = "$(TEST_HOST)";
				CODE_SIGN_STYLE = Automatic;
				INFOPLIST_FILE = iosTests/Info.plist;
				LD_RUNPATH_SEARCH_PATHS = (
					"$(inherited)",
					"@executable_path/Frameworks",
					"@loader_path/Frameworks",
				);
				PRODUCT_BUNDLE_IDENTIFIER = com.hitales.ui.iosTests;
				PRODUCT_NAME = "$(TARGET_NAME)";
				TARGETED_DEVICE_FAMILY = "1,2";
				TEST_HOST = "$(BUILT_PRODUCTS_DIR)/ios.app/ios";
			};
			name = Debug;
		};
		9E7F35E4227573D600139DE6 /* Release */ = {
			isa = XCBuildConfiguration;
			baseConfigurationReference = FCFDC605A81A92C223C31C60 /* Pods-iosTests.release.xcconfig */;
			buildSettings = {
				BUNDLE_LOADER = "$(TEST_HOST)";
				CODE_SIGN_STYLE = Automatic;
				INFOPLIST_FILE = iosTests/Info.plist;
				LD_RUNPATH_SEARCH_PATHS = (
					"$(inherited)",
					"@executable_path/Frameworks",
					"@loader_path/Frameworks",
				);
				PRODUCT_BUNDLE_IDENTIFIER = com.hitales.ui.iosTests;
				PRODUCT_NAME = "$(TARGET_NAME)";
				TARGETED_DEVICE_FAMILY = "1,2";
				TEST_HOST = "$(BUILT_PRODUCTS_DIR)/ios.app/ios";
			};
			name = Release;
		};
		9E7F35E6227573D600139DE6 /* Debug */ = {
			isa = XCBuildConfiguration;
			baseConfigurationReference = 97E1663E11F85141B5C74EE6 /* Pods-iosUITests.debug.xcconfig */;
			buildSettings = {
				CODE_SIGN_STYLE = Automatic;
				INFOPLIST_FILE = iosUITests/Info.plist;
				LD_RUNPATH_SEARCH_PATHS = (
					"$(inherited)",
					"@executable_path/Frameworks",
					"@loader_path/Frameworks",
				);
				PRODUCT_BUNDLE_IDENTIFIER = com.hitales.ui.iosUITests;
				PRODUCT_NAME = "$(TARGET_NAME)";
				TARGETED_DEVICE_FAMILY = "1,2";
				TEST_TARGET_NAME = ios;
			};
			name = Debug;
		};
		9E7F35E7227573D600139DE6 /* Release */ = {
			isa = XCBuildConfiguration;
			baseConfigurationReference = 4A2674E0F946834A73A3697F /* Pods-iosUITests.release.xcconfig */;
			buildSettings = {
				CODE_SIGN_STYLE = Automatic;
				INFOPLIST_FILE = iosUITests/Info.plist;
				LD_RUNPATH_SEARCH_PATHS = (
					"$(inherited)",
					"@executable_path/Frameworks",
					"@loader_path/Frameworks",
				);
				PRODUCT_BUNDLE_IDENTIFIER = com.hitales.ui.iosUITests;
				PRODUCT_NAME = "$(TARGET_NAME)";
				TARGETED_DEVICE_FAMILY = "1,2";
				TEST_TARGET_NAME = ios;
			};
			name = Release;
		};
/* End XCBuildConfiguration section */

/* Begin XCConfigurationList section */
		9E7F35AB227573D500139DE6 /* Build configuration list for PBXProject "ios" */ = {
			isa = XCConfigurationList;
			buildConfigurations = (
				9E7F35DD227573D600139DE6 /* Debug */,
				9E7F35DE227573D600139DE6 /* Release */,
			);
			defaultConfigurationIsVisible = 0;
			defaultConfigurationName = Release;
		};
		9E7F35DF227573D600139DE6 /* Build configuration list for PBXNativeTarget "ios" */ = {
			isa = XCConfigurationList;
			buildConfigurations = (
				9E7F35E0227573D600139DE6 /* Debug */,
				9E7F35E1227573D600139DE6 /* Release */,
			);
			defaultConfigurationIsVisible = 0;
			defaultConfigurationName = Release;
		};
		9E7F35E2227573D600139DE6 /* Build configuration list for PBXNativeTarget "iosTests" */ = {
			isa = XCConfigurationList;
			buildConfigurations = (
				9E7F35E3227573D600139DE6 /* Debug */,
				9E7F35E4227573D600139DE6 /* Release */,
			);
			defaultConfigurationIsVisible = 0;
			defaultConfigurationName = Release;
		};
		9E7F35E5227573D600139DE6 /* Build configuration list for PBXNativeTarget "iosUITests" */ = {
			isa = XCConfigurationList;
			buildConfigurations = (
				9E7F35E6227573D600139DE6 /* Debug */,
				9E7F35E7227573D600139DE6 /* Release */,
			);
			defaultConfigurationIsVisible = 0;
			defaultConfigurationName = Release;
		};
/* End XCConfigurationList section */

/* Begin XCVersionGroup section */
		9E7F35BC227573D500139DE6 /* ios.xcdatamodeld */ = {
			isa = XCVersionGroup;
			children = (
				9E7F35BD227573D500139DE6 /* ios.xcdatamodel */,
			);
			currentVersion = 9E7F35BD227573D500139DE6 /* ios.xcdatamodel */;
			path = ios.xcdatamodeld;
			sourceTree = "<group>";
			versionGroupType = wrapper.xcdatamodel;
		};
/* End XCVersionGroup section */
	};
	rootObject = 9E7F35A8227573D500139DE6 /* Project object */;
}
