// !$*UTF8*$!
{
	archiveVersion = 1;
	classes = {
	};
	objectVersion = 50;
	objects = {

/* Begin PBXAggregateTarget section */
		9ED2DA8A239A4FB5007C0B40 /* release */ = {
			isa = PBXAggregateTarget;
			buildConfigurationList = 9ED2DA8B239A4FB5007C0B40 /* Build configuration list for PBXAggregateTarget "release" */;
			buildPhases = (
				9ED2DA8E239A4FC1007C0B40 /* ShellScript */,
			);
			dependencies = (
			);
			name = release;
			productName = release;
		};
/* End PBXAggregateTarget section */

/* Begin PBXBuildFile section */
		9E26255B22AFBEBE00FCE622 /* AppDelegate.m in Sources */ = {isa = PBXBuildFile; fileRef = 9E26255A22AFBEBE00FCE622 /* AppDelegate.m */; };
		9E26255E22AFBEBE00FCE622 /* ViewController.m in Sources */ = {isa = PBXBuildFile; fileRef = 9E26255D22AFBEBE00FCE622 /* ViewController.m */; };
		9E26256122AFBEBE00FCE622 /* Main.storyboard in Resources */ = {isa = PBXBuildFile; fileRef = 9E26255F22AFBEBE00FCE622 /* Main.storyboard */; };
		9E26256422AFBEBE00FCE622 /* UI.xcdatamodeld in Sources */ = {isa = PBXBuildFile; fileRef = 9E26256222AFBEBE00FCE622 /* UI.xcdatamodeld */; };
		9E26256622AFBEBF00FCE622 /* Assets.xcassets in Resources */ = {isa = PBXBuildFile; fileRef = 9E26256522AFBEBF00FCE622 /* Assets.xcassets */; };
		9E26256922AFBEBF00FCE622 /* LaunchScreen.storyboard in Resources */ = {isa = PBXBuildFile; fileRef = 9E26256722AFBEBF00FCE622 /* LaunchScreen.storyboard */; };
		9E26256C22AFBEBF00FCE622 /* main.m in Sources */ = {isa = PBXBuildFile; fileRef = 9E26256B22AFBEBF00FCE622 /* main.m */; };
		9E26257E22AFBED300FCE622 /* HUI.framework in Frameworks */ = {isa = PBXBuildFile; fileRef = 9E26257722AFBED300FCE622 /* HUI.framework */; };
		9E26257F22AFBED300FCE622 /* HUI.framework in Embed Frameworks */ = {isa = PBXBuildFile; fileRef = 9E26257722AFBED300FCE622 /* HUI.framework */; settings = {ATTRIBUTES = (CodeSignOnCopy, RemoveHeadersOnCopy, ); }; };
		9E26258A22AFCA5B00FCE622 /* HUI.h in Headers */ = {isa = PBXBuildFile; fileRef = 9E26258922AFCA5B00FCE622 /* HUI.h */; settings = {ATTRIBUTES = (Public, ); }; };
		9E26259422AFD17C00FCE622 /* CALayer+Image.h in Headers */ = {isa = PBXBuildFile; fileRef = 9E26259222AFD17C00FCE622 /* CALayer+Image.h */; settings = {ATTRIBUTES = (Public, ); }; };
		9E26259522AFD17C00FCE622 /* CALayer+Image.m in Sources */ = {isa = PBXBuildFile; fileRef = 9E26259322AFD17C00FCE622 /* CALayer+Image.m */; };
		9E55671C244041E7004B1A5A /* KUI.h in Headers */ = {isa = PBXBuildFile; fileRef = 9E55671A244041E7004B1A5A /* KUI.h */; settings = {ATTRIBUTES = (Public, ); }; };
		9E55671F244041E7004B1A5A /* KUI.framework in Frameworks */ = {isa = PBXBuildFile; fileRef = 9E556718244041E7004B1A5A /* KUI.framework */; };
		9E556720244041E7004B1A5A /* KUI.framework in Embed Frameworks */ = {isa = PBXBuildFile; fileRef = 9E556718244041E7004B1A5A /* KUI.framework */; settings = {ATTRIBUTES = (CodeSignOnCopy, RemoveHeadersOnCopy, ); }; };
		9E55672524404238004B1A5A /* MeasureNode.h in Headers */ = {isa = PBXBuildFile; fileRef = 9E55672424404238004B1A5A /* MeasureNode.h */; settings = {ATTRIBUTES = (Public, ); }; };
		9E55672824404395004B1A5A /* KView.h in Headers */ = {isa = PBXBuildFile; fileRef = 9E55672624404395004B1A5A /* KView.h */; settings = {ATTRIBUTES = (Public, ); }; };
		9E55672924404395004B1A5A /* KView.m in Sources */ = {isa = PBXBuildFile; fileRef = 9E55672724404395004B1A5A /* KView.m */; };
		9E55672C24404560004B1A5A /* BackgroundLayer.h in Headers */ = {isa = PBXBuildFile; fileRef = 9E55672A24404560004B1A5A /* BackgroundLayer.h */; settings = {ATTRIBUTES = (Public, ); }; };
		9E55672D24404560004B1A5A /* BackgroundLayer.m in Sources */ = {isa = PBXBuildFile; fileRef = 9E55672B24404560004B1A5A /* BackgroundLayer.m */; };
		9E55673A244054A0004B1A5A /* UIView+Border.h in Headers */ = {isa = PBXBuildFile; fileRef = 9E556738244054A0004B1A5A /* UIView+Border.h */; settings = {ATTRIBUTES = (Public, ); }; };
		9E55673B244054A0004B1A5A /* UIView+Border.m in Sources */ = {isa = PBXBuildFile; fileRef = 9E556739244054A0004B1A5A /* UIView+Border.m */; };
		9E556742244BF5DB004B1A5A /* KImageView.h in Headers */ = {isa = PBXBuildFile; fileRef = 9E556740244BF5DB004B1A5A /* KImageView.h */; settings = {ATTRIBUTES = (Public, ); }; };
		9E556743244BF5DB004B1A5A /* KImageView.m in Sources */ = {isa = PBXBuildFile; fileRef = 9E556741244BF5DB004B1A5A /* KImageView.m */; };
		9E556745244D7583004B1A5A /* 13@2x.png in Resources */ = {isa = PBXBuildFile; fileRef = 9E556744244D7582004B1A5A /* 13@2x.png */; };
		9E556748244D9C57004B1A5A /* KTextView.h in Headers */ = {isa = PBXBuildFile; fileRef = 9E556746244D9C57004B1A5A /* KTextView.h */; settings = {ATTRIBUTES = (Public, ); }; };
		9E556749244D9C57004B1A5A /* KTextView.m in Sources */ = {isa = PBXBuildFile; fileRef = 9E556747244D9C57004B1A5A /* KTextView.m */; };
		9E55674C244E9F6D004B1A5A /* KShowText.h in Headers */ = {isa = PBXBuildFile; fileRef = 9E55674A244E9F6D004B1A5A /* KShowText.h */; };
		9E55674D244E9F6D004B1A5A /* KShowText.m in Sources */ = {isa = PBXBuildFile; fileRef = 9E55674B244E9F6D004B1A5A /* KShowText.m */; };
		9E5979F022B76F5000CABF4E /* Convert.m in Sources */ = {isa = PBXBuildFile; fileRef = 9E5979EE22B76F5000CABF4E /* Convert.m */; };
		9E5979F122B76F5000CABF4E /* Convert.h in Headers */ = {isa = PBXBuildFile; fileRef = 9E5979EF22B76F5000CABF4E /* Convert.h */; settings = {ATTRIBUTES = (Public, ); }; };
		9EF48D072314FFFB00053981 /* HCollectionView.h in Headers */ = {isa = PBXBuildFile; fileRef = 9EF48D052314FFFB00053981 /* HCollectionView.h */; settings = {ATTRIBUTES = (Public, ); }; };
		9EF48D082314FFFB00053981 /* HCollectionView.m in Sources */ = {isa = PBXBuildFile; fileRef = 9EF48D062314FFFB00053981 /* HCollectionView.m */; };
/* End PBXBuildFile section */

/* Begin PBXContainerItemProxy section */
		9E26257C22AFBED300FCE622 /* PBXContainerItemProxy */ = {
			isa = PBXContainerItemProxy;
			containerPortal = 9E26254E22AFBEBE00FCE622 /* Project object */;
			proxyType = 1;
			remoteGlobalIDString = 9E26257622AFBED300FCE622;
			remoteInfo = HUI;
		};
		9E55671D244041E7004B1A5A /* PBXContainerItemProxy */ = {
			isa = PBXContainerItemProxy;
			containerPortal = 9E26254E22AFBEBE00FCE622 /* Project object */;
			proxyType = 1;
			remoteGlobalIDString = 9E556717244041E7004B1A5A;
			remoteInfo = KUI;
		};
/* End PBXContainerItemProxy section */

/* Begin PBXCopyFilesBuildPhase section */
		9E26258322AFBED300FCE622 /* Embed Frameworks */ = {
			isa = PBXCopyFilesBuildPhase;
			buildActionMask = 2147483647;
			dstPath = "";
			dstSubfolderSpec = 10;
			files = (
				9E556720244041E7004B1A5A /* KUI.framework in Embed Frameworks */,
				9E26257F22AFBED300FCE622 /* HUI.framework in Embed Frameworks */,
			);
			name = "Embed Frameworks";
			runOnlyForDeploymentPostprocessing = 0;
		};
/* End PBXCopyFilesBuildPhase section */

/* Begin PBXFileReference section */
		9E26255622AFBEBE00FCE622 /* UI.app */ = {isa = PBXFileReference; explicitFileType = wrapper.application; includeInIndex = 0; path = UI.app; sourceTree = BUILT_PRODUCTS_DIR; };
		9E26255922AFBEBE00FCE622 /* AppDelegate.h */ = {isa = PBXFileReference; lastKnownFileType = sourcecode.c.h; path = AppDelegate.h; sourceTree = "<group>"; };
		9E26255A22AFBEBE00FCE622 /* AppDelegate.m */ = {isa = PBXFileReference; lastKnownFileType = sourcecode.c.objc; path = AppDelegate.m; sourceTree = "<group>"; };
		9E26255C22AFBEBE00FCE622 /* ViewController.h */ = {isa = PBXFileReference; lastKnownFileType = sourcecode.c.h; path = ViewController.h; sourceTree = "<group>"; };
		9E26255D22AFBEBE00FCE622 /* ViewController.m */ = {isa = PBXFileReference; lastKnownFileType = sourcecode.c.objc; path = ViewController.m; sourceTree = "<group>"; };
		9E26256022AFBEBE00FCE622 /* Base */ = {isa = PBXFileReference; lastKnownFileType = file.storyboard; name = Base; path = Base.lproj/Main.storyboard; sourceTree = "<group>"; };
		9E26256322AFBEBE00FCE622 /* UI.xcdatamodel */ = {isa = PBXFileReference; lastKnownFileType = wrapper.xcdatamodel; path = UI.xcdatamodel; sourceTree = "<group>"; };
		9E26256522AFBEBF00FCE622 /* Assets.xcassets */ = {isa = PBXFileReference; lastKnownFileType = folder.assetcatalog; path = Assets.xcassets; sourceTree = "<group>"; };
		9E26256822AFBEBF00FCE622 /* Base */ = {isa = PBXFileReference; lastKnownFileType = file.storyboard; name = Base; path = Base.lproj/LaunchScreen.storyboard; sourceTree = "<group>"; };
		9E26256A22AFBEBF00FCE622 /* Info.plist */ = {isa = PBXFileReference; lastKnownFileType = text.plist.xml; path = Info.plist; sourceTree = "<group>"; };
		9E26256B22AFBEBF00FCE622 /* main.m */ = {isa = PBXFileReference; lastKnownFileType = sourcecode.c.objc; path = main.m; sourceTree = "<group>"; };
		9E26257722AFBED300FCE622 /* HUI.framework */ = {isa = PBXFileReference; explicitFileType = wrapper.framework; includeInIndex = 0; path = HUI.framework; sourceTree = BUILT_PRODUCTS_DIR; };
		9E26257A22AFBED300FCE622 /* Info.plist */ = {isa = PBXFileReference; lastKnownFileType = text.plist.xml; path = Info.plist; sourceTree = "<group>"; };
		9E26258922AFCA5B00FCE622 /* HUI.h */ = {isa = PBXFileReference; fileEncoding = 4; lastKnownFileType = sourcecode.c.h; path = HUI.h; sourceTree = "<group>"; };
		9E26258B22AFCA9700FCE622 /* m.modulemap */ = {isa = PBXFileReference; lastKnownFileType = "sourcecode.module-map"; path = m.modulemap; sourceTree = "<group>"; };
		9E26259222AFD17C00FCE622 /* CALayer+Image.h */ = {isa = PBXFileReference; lastKnownFileType = sourcecode.c.h; path = "CALayer+Image.h"; sourceTree = "<group>"; };
		9E26259322AFD17C00FCE622 /* CALayer+Image.m */ = {isa = PBXFileReference; lastKnownFileType = sourcecode.c.objc; path = "CALayer+Image.m"; sourceTree = "<group>"; };
		9E556718244041E7004B1A5A /* KUI.framework */ = {isa = PBXFileReference; explicitFileType = wrapper.framework; includeInIndex = 0; path = KUI.framework; sourceTree = BUILT_PRODUCTS_DIR; };
		9E55671A244041E7004B1A5A /* KUI.h */ = {isa = PBXFileReference; lastKnownFileType = sourcecode.c.h; path = KUI.h; sourceTree = "<group>"; };
		9E55671B244041E7004B1A5A /* Info.plist */ = {isa = PBXFileReference; lastKnownFileType = text.plist.xml; path = Info.plist; sourceTree = "<group>"; };
		9E55672424404238004B1A5A /* MeasureNode.h */ = {isa = PBXFileReference; lastKnownFileType = sourcecode.c.h; path = MeasureNode.h; sourceTree = "<group>"; };
		9E55672624404395004B1A5A /* KView.h */ = {isa = PBXFileReference; lastKnownFileType = sourcecode.c.h; path = KView.h; sourceTree = "<group>"; };
		9E55672724404395004B1A5A /* KView.m */ = {isa = PBXFileReference; lastKnownFileType = sourcecode.c.objc; path = KView.m; sourceTree = "<group>"; };
		9E55672A24404560004B1A5A /* BackgroundLayer.h */ = {isa = PBXFileReference; lastKnownFileType = sourcecode.c.h; path = BackgroundLayer.h; sourceTree = "<group>"; };
		9E55672B24404560004B1A5A /* BackgroundLayer.m */ = {isa = PBXFileReference; lastKnownFileType = sourcecode.c.objc; path = BackgroundLayer.m; sourceTree = "<group>"; };
		9E556738244054A0004B1A5A /* UIView+Border.h */ = {isa = PBXFileReference; lastKnownFileType = sourcecode.c.h; path = "UIView+Border.h"; sourceTree = "<group>"; };
		9E556739244054A0004B1A5A /* UIView+Border.m */ = {isa = PBXFileReference; lastKnownFileType = sourcecode.c.objc; path = "UIView+Border.m"; sourceTree = "<group>"; };
		9E556740244BF5DB004B1A5A /* KImageView.h */ = {isa = PBXFileReference; lastKnownFileType = sourcecode.c.h; path = KImageView.h; sourceTree = "<group>"; };
		9E556741244BF5DB004B1A5A /* KImageView.m */ = {isa = PBXFileReference; lastKnownFileType = sourcecode.c.objc; path = KImageView.m; sourceTree = "<group>"; };
		9E556744244D7582004B1A5A /* 13@2x.png */ = {isa = PBXFileReference; lastKnownFileType = image.png; path = "13@2x.png"; sourceTree = "<group>"; };
		9E556746244D9C57004B1A5A /* KTextView.h */ = {isa = PBXFileReference; lastKnownFileType = sourcecode.c.h; path = KTextView.h; sourceTree = "<group>"; };
		9E556747244D9C57004B1A5A /* KTextView.m */ = {isa = PBXFileReference; lastKnownFileType = sourcecode.c.objc; path = KTextView.m; sourceTree = "<group>"; };
		9E55674A244E9F6D004B1A5A /* KShowText.h */ = {isa = PBXFileReference; lastKnownFileType = sourcecode.c.h; path = KShowText.h; sourceTree = "<group>"; };
		9E55674B244E9F6D004B1A5A /* KShowText.m */ = {isa = PBXFileReference; lastKnownFileType = sourcecode.c.objc; path = KShowText.m; sourceTree = "<group>"; };
		9E5979EE22B76F5000CABF4E /* Convert.m */ = {isa = PBXFileReference; fileEncoding = 4; lastKnownFileType = sourcecode.c.objc; path = Convert.m; sourceTree = "<group>"; };
		9E5979EF22B76F5000CABF4E /* Convert.h */ = {isa = PBXFileReference; fileEncoding = 4; lastKnownFileType = sourcecode.c.h; path = Convert.h; sourceTree = "<group>"; };
		9EF48D052314FFFB00053981 /* HCollectionView.h */ = {isa = PBXFileReference; lastKnownFileType = sourcecode.c.h; path = HCollectionView.h; sourceTree = "<group>"; };
		9EF48D062314FFFB00053981 /* HCollectionView.m */ = {isa = PBXFileReference; lastKnownFileType = sourcecode.c.objc; path = HCollectionView.m; sourceTree = "<group>"; };
/* End PBXFileReference section */

/* Begin PBXFrameworksBuildPhase section */
		9E26255322AFBEBE00FCE622 /* Frameworks */ = {
			isa = PBXFrameworksBuildPhase;
			buildActionMask = 2147483647;
			files = (
				9E55671F244041E7004B1A5A /* KUI.framework in Frameworks */,
				9E26257E22AFBED300FCE622 /* HUI.framework in Frameworks */,
			);
			runOnlyForDeploymentPostprocessing = 0;
		};
		9E26257422AFBED300FCE622 /* Frameworks */ = {
			isa = PBXFrameworksBuildPhase;
			buildActionMask = 2147483647;
			files = (
			);
			runOnlyForDeploymentPostprocessing = 0;
		};
		9E556715244041E7004B1A5A /* Frameworks */ = {
			isa = PBXFrameworksBuildPhase;
			buildActionMask = 2147483647;
			files = (
			);
			runOnlyForDeploymentPostprocessing = 0;
		};
/* End PBXFrameworksBuildPhase section */

/* Begin PBXGroup section */
		9E26254D22AFBEBE00FCE622 = {
			isa = PBXGroup;
			children = (
				9E556744244D7582004B1A5A /* 13@2x.png */,
				9E26255822AFBEBE00FCE622 /* UI */,
				9E26257822AFBED300FCE622 /* HUI */,
				9E556719244041E7004B1A5A /* KUI */,
				9E26255722AFBEBE00FCE622 /* Products */,
			);
			sourceTree = "<group>";
		};
		9E26255722AFBEBE00FCE622 /* Products */ = {
			isa = PBXGroup;
			children = (
				9E26255622AFBEBE00FCE622 /* UI.app */,
				9E26257722AFBED300FCE622 /* HUI.framework */,
				9E556718244041E7004B1A5A /* KUI.framework */,
			);
			name = Products;
			sourceTree = "<group>";
		};
		9E26255822AFBEBE00FCE622 /* UI */ = {
			isa = PBXGroup;
			children = (
				9E26255922AFBEBE00FCE622 /* AppDelegate.h */,
				9E26255A22AFBEBE00FCE622 /* AppDelegate.m */,
				9E26255C22AFBEBE00FCE622 /* ViewController.h */,
				9E26255D22AFBEBE00FCE622 /* ViewController.m */,
				9E26255F22AFBEBE00FCE622 /* Main.storyboard */,
				9E26256522AFBEBF00FCE622 /* Assets.xcassets */,
				9E26256722AFBEBF00FCE622 /* LaunchScreen.storyboard */,
				9E26256A22AFBEBF00FCE622 /* Info.plist */,
				9E26256B22AFBEBF00FCE622 /* main.m */,
				9E26256222AFBEBE00FCE622 /* UI.xcdatamodeld */,
			);
			path = UI;
			sourceTree = "<group>";
		};
		9E26257822AFBED300FCE622 /* HUI */ = {
			isa = PBXGroup;
			children = (
				9E5979EF22B76F5000CABF4E /* Convert.h */,
				9E5979EE22B76F5000CABF4E /* Convert.m */,
				9E26258922AFCA5B00FCE622 /* HUI.h */,
				9E26257A22AFBED300FCE622 /* Info.plist */,
				9E26258B22AFCA9700FCE622 /* m.modulemap */,
				9E26259222AFD17C00FCE622 /* CALayer+Image.h */,
				9E26259322AFD17C00FCE622 /* CALayer+Image.m */,
				9EF48D052314FFFB00053981 /* HCollectionView.h */,
				9EF48D062314FFFB00053981 /* HCollectionView.m */,
			);
			path = HUI;
			sourceTree = "<group>";
		};
		9E556719244041E7004B1A5A /* KUI */ = {
			isa = PBXGroup;
			children = (
				9E55671A244041E7004B1A5A /* KUI.h */,
				9E55671B244041E7004B1A5A /* Info.plist */,
				9E55672424404238004B1A5A /* MeasureNode.h */,
				9E55672624404395004B1A5A /* KView.h */,
				9E55672724404395004B1A5A /* KView.m */,
				9E55672A24404560004B1A5A /* BackgroundLayer.h */,
				9E55672B24404560004B1A5A /* BackgroundLayer.m */,
				9E556738244054A0004B1A5A /* UIView+Border.h */,
				9E556739244054A0004B1A5A /* UIView+Border.m */,
				9E556740244BF5DB004B1A5A /* KImageView.h */,
				9E556741244BF5DB004B1A5A /* KImageView.m */,
				9E556746244D9C57004B1A5A /* KTextView.h */,
				9E556747244D9C57004B1A5A /* KTextView.m */,
				9E55674A244E9F6D004B1A5A /* KShowText.h */,
				9E55674B244E9F6D004B1A5A /* KShowText.m */,
			);
			path = KUI;
			sourceTree = "<group>";
		};
/* End PBXGroup section */

/* Begin PBXHeadersBuildPhase section */
		9E26257222AFBED300FCE622 /* Headers */ = {
			isa = PBXHeadersBuildPhase;
			buildActionMask = 2147483647;
			files = (
				9E26259422AFD17C00FCE622 /* CALayer+Image.h in Headers */,
				9EF48D072314FFFB00053981 /* HCollectionView.h in Headers */,
				9E5979F122B76F5000CABF4E /* Convert.h in Headers */,
				9E26258A22AFCA5B00FCE622 /* HUI.h in Headers */,
			);
			runOnlyForDeploymentPostprocessing = 0;
		};
		9E556713244041E7004B1A5A /* Headers */ = {
			isa = PBXHeadersBuildPhase;
			buildActionMask = 2147483647;
			files = (
				9E55672C24404560004B1A5A /* BackgroundLayer.h in Headers */,
				9E55672824404395004B1A5A /* KView.h in Headers */,
				9E55674C244E9F6D004B1A5A /* KShowText.h in Headers */,
				9E556748244D9C57004B1A5A /* KTextView.h in Headers */,
				9E55673A244054A0004B1A5A /* UIView+Border.h in Headers */,
				9E556742244BF5DB004B1A5A /* KImageView.h in Headers */,
				9E55672524404238004B1A5A /* MeasureNode.h in Headers */,
				9E55671C244041E7004B1A5A /* KUI.h in Headers */,
			);
			runOnlyForDeploymentPostprocessing = 0;
		};
/* End PBXHeadersBuildPhase section */

/* Begin PBXNativeTarget section */
		9E26255522AFBEBE00FCE622 /* UI */ = {
			isa = PBXNativeTarget;
			buildConfigurationList = 9E26256F22AFBEBF00FCE622 /* Build configuration list for PBXNativeTarget "UI" */;
			buildPhases = (
				9E26255222AFBEBE00FCE622 /* Sources */,
				9E26255322AFBEBE00FCE622 /* Frameworks */,
				9E26255422AFBEBE00FCE622 /* Resources */,
				9E26258322AFBED300FCE622 /* Embed Frameworks */,
			);
			buildRules = (
			);
			dependencies = (
				9E26257D22AFBED300FCE622 /* PBXTargetDependency */,
				9E55671E244041E7004B1A5A /* PBXTargetDependency */,
			);
			name = UI;
			productName = UI;
			productReference = 9E26255622AFBEBE00FCE622 /* UI.app */;
			productType = "com.apple.product-type.application";
		};
		9E26257622AFBED300FCE622 /* HUI */ = {
			isa = PBXNativeTarget;
			buildConfigurationList = 9E26258022AFBED300FCE622 /* Build configuration list for PBXNativeTarget "HUI" */;
			buildPhases = (
				9E26257222AFBED300FCE622 /* Headers */,
				9E26257322AFBED300FCE622 /* Sources */,
				9E26257422AFBED300FCE622 /* Frameworks */,
				9E26257522AFBED300FCE622 /* Resources */,
			);
			buildRules = (
			);
			dependencies = (
			);
			name = HUI;
			productName = HUI;
			productReference = 9E26257722AFBED300FCE622 /* HUI.framework */;
			productType = "com.apple.product-type.framework";
		};
		9E556717244041E7004B1A5A /* KUI */ = {
			isa = PBXNativeTarget;
			buildConfigurationList = 9E556721244041E7004B1A5A /* Build configuration list for PBXNativeTarget "KUI" */;
			buildPhases = (
				9E556713244041E7004B1A5A /* Headers */,
				9E556714244041E7004B1A5A /* Sources */,
				9E556715244041E7004B1A5A /* Frameworks */,
				9E556716244041E7004B1A5A /* Resources */,
			);
			buildRules = (
			);
			dependencies = (
			);
			name = KUI;
			productName = KUI;
			productReference = 9E556718244041E7004B1A5A /* KUI.framework */;
			productType = "com.apple.product-type.framework";
		};
/* End PBXNativeTarget section */

/* Begin PBXProject section */
		9E26254E22AFBEBE00FCE622 /* Project object */ = {
			isa = PBXProject;
			attributes = {
				LastUpgradeCheck = 1020;
				ORGANIZATIONNAME = "廖敏";
				TargetAttributes = {
					9E26255522AFBEBE00FCE622 = {
						CreatedOnToolsVersion = 10.2.1;
						LastSwiftMigration = 1030;
					};
					9E26257622AFBED300FCE622 = {
						CreatedOnToolsVersion = 10.2.1;
						LastSwiftMigration = 1030;
					};
					9E556717244041E7004B1A5A = {
						CreatedOnToolsVersion = 11.3.1;
					};
					9ED2DA8A239A4FB5007C0B40 = {
						CreatedOnToolsVersion = 10.3;
					};
				};
			};
			buildConfigurationList = 9E26255122AFBEBE00FCE622 /* Build configuration list for PBXProject "UI" */;
			compatibilityVersion = "Xcode 9.3";
			developmentRegion = en;
			hasScannedForEncodings = 0;
			knownRegions = (
				en,
				Base,
			);
			mainGroup = 9E26254D22AFBEBE00FCE622;
			productRefGroup = 9E26255722AFBEBE00FCE622 /* Products */;
			projectDirPath = "";
			projectRoot = "";
			targets = (
				9E26255522AFBEBE00FCE622 /* UI */,
				9E26257622AFBED300FCE622 /* HUI */,
				9ED2DA8A239A4FB5007C0B40 /* release */,
				9E556717244041E7004B1A5A /* KUI */,
			);
		};
/* End PBXProject section */

/* Begin PBXResourcesBuildPhase section */
		9E26255422AFBEBE00FCE622 /* Resources */ = {
			isa = PBXResourcesBuildPhase;
			buildActionMask = 2147483647;
			files = (
				9E26256922AFBEBF00FCE622 /* LaunchScreen.storyboard in Resources */,
				9E556745244D7583004B1A5A /* 13@2x.png in Resources */,
				9E26256622AFBEBF00FCE622 /* Assets.xcassets in Resources */,
				9E26256122AFBEBE00FCE622 /* Main.storyboard in Resources */,
			);
			runOnlyForDeploymentPostprocessing = 0;
		};
		9E26257522AFBED300FCE622 /* Resources */ = {
			isa = PBXResourcesBuildPhase;
			buildActionMask = 2147483647;
			files = (
			);
			runOnlyForDeploymentPostprocessing = 0;
		};
		9E556716244041E7004B1A5A /* Resources */ = {
			isa = PBXResourcesBuildPhase;
			buildActionMask = 2147483647;
			files = (
			);
			runOnlyForDeploymentPostprocessing = 0;
		};
/* End PBXResourcesBuildPhase section */

/* Begin PBXShellScriptBuildPhase section */
		9ED2DA8E239A4FC1007C0B40 /* ShellScript */ = {
			isa = PBXShellScriptBuildPhase;
			buildActionMask = 2147483647;
			files = (
			);
			inputFileListPaths = (
			);
			inputPaths = (
			);
			outputFileListPaths = (
			);
			outputPaths = (
			);
			runOnlyForDeploymentPostprocessing = 0;
			shellPath = /bin/sh;
			shellScript = "# Merge Script\n\n# 1\n# Set bash script to exit immediately if any commands fail.\nset -e\n\n# 2\n# Setup some constants for use later on.\nFRAMEWORK_NAME=\"HUI\" \n\n# 3\n# If remnants from a previous build exist, delete them.\nif [ -d \"${SRCROOT}/build\" ]; then\nrm -rf \"${SRCROOT}/build\"\nfi\n\n# 4\n# Build the framework for device and for simulator (using\n# all needed architectures).\nxcodebuild -target \"${FRAMEWORK_NAME}\" -configuration Release -arch arm64 -arch armv7 -arch armv7s only_active_arch=no defines_module=yes -sdk \"iphoneos\"\nxcodebuild -target \"${FRAMEWORK_NAME}\" -configuration Release -arch x86_64 -arch i386 only_active_arch=no defines_module=yes -sdk \"iphonesimulator\"\n\n# 5\n# Remove .framework file if exists on Desktop from previous run.\nif [ -d \"${HOME}/Desktop/${FRAMEWORK_NAME}.framework\" ]; then\nrm -rf \"${HOME}/Desktop/${FRAMEWORK_NAME}.framework\"\nfi\n\n# 6\n# Copy the device version of framework to Desktop.\ncp -r \"${SRCROOT}/build/Release-iphoneos/${FRAMEWORK_NAME}.framework\" \"${HOME}/Desktop/${FRAMEWORK_NAME}.framework\"\n\n# 7\n# Replace the framework executable within the framework with\n# a new version created by merging the device and simulator\n# frameworks' executables with lipo.\nlipo -create -output \"${HOME}/Desktop/${FRAMEWORK_NAME}.framework/${FRAMEWORK_NAME}\" \"${SRCROOT}/build/Release-iphoneos/${FRAMEWORK_NAME}.framework/${FRAMEWORK_NAME}\" \"${SRCROOT}/build/Release-iphonesimulator/${FRAMEWORK_NAME}.framework/${FRAMEWORK_NAME}\"\n\n# 8\n# Copy the Swift module mappings for the simulator into the\n# framework.  The device mappings already exist from step 6.\n#cp -r \"${SRCROOT}/build/Release-iphonesimulator/${FRAMEWORK_NAME}.framework/Modules/${FRAMEWORK_NAME}.swiftmodule/\" \"${HOME}/Desktop/${FRAMEWORK_NAME}.framework/Modules/${FRAMEWORK_NAME}.swiftmodule\"\n\n# 9\n# Delete the most recent build.\nif [ -d \"${SRCROOT}/build\" ]; then\nrm -rf \"${SRCROOT}/build\"\nfi\n";
		};
/* End PBXShellScriptBuildPhase section */

/* Begin PBXSourcesBuildPhase section */
		9E26255222AFBEBE00FCE622 /* Sources */ = {
			isa = PBXSourcesBuildPhase;
			buildActionMask = 2147483647;
			files = (
				9E26255E22AFBEBE00FCE622 /* ViewController.m in Sources */,
				9E26256422AFBEBE00FCE622 /* UI.xcdatamodeld in Sources */,
				9E26256C22AFBEBF00FCE622 /* main.m in Sources */,
				9E26255B22AFBEBE00FCE622 /* AppDelegate.m in Sources */,
			);
			runOnlyForDeploymentPostprocessing = 0;
		};
		9E26257322AFBED300FCE622 /* Sources */ = {
			isa = PBXSourcesBuildPhase;
			buildActionMask = 2147483647;
			files = (
				9E26259522AFD17C00FCE622 /* CALayer+Image.m in Sources */,
				9E5979F022B76F5000CABF4E /* Convert.m in Sources */,
				9EF48D082314FFFB00053981 /* HCollectionView.m in Sources */,
			);
			runOnlyForDeploymentPostprocessing = 0;
		};
		9E556714244041E7004B1A5A /* Sources */ = {
			isa = PBXSourcesBuildPhase;
			buildActionMask = 2147483647;
			files = (
				9E556743244BF5DB004B1A5A /* KImageView.m in Sources */,
				9E55673B244054A0004B1A5A /* UIView+Border.m in Sources */,
				9E55672924404395004B1A5A /* KView.m in Sources */,
				9E55672D24404560004B1A5A /* BackgroundLayer.m in Sources */,
				9E556749244D9C57004B1A5A /* KTextView.m in Sources */,
				9E55674D244E9F6D004B1A5A /* KShowText.m in Sources */,
			);
			runOnlyForDeploymentPostprocessing = 0;
		};
/* End PBXSourcesBuildPhase section */

/* Begin PBXTargetDependency section */
		9E26257D22AFBED300FCE622 /* PBXTargetDependency */ = {
			isa = PBXTargetDependency;
			target = 9E26257622AFBED300FCE622 /* HUI */;
			targetProxy = 9E26257C22AFBED300FCE622 /* PBXContainerItemProxy */;
		};
		9E55671E244041E7004B1A5A /* PBXTargetDependency */ = {
			isa = PBXTargetDependency;
			target = 9E556717244041E7004B1A5A /* KUI */;
			targetProxy = 9E55671D244041E7004B1A5A /* PBXContainerItemProxy */;
		};
/* End PBXTargetDependency section */

/* Begin PBXVariantGroup section */
		9E26255F22AFBEBE00FCE622 /* Main.storyboard */ = {
			isa = PBXVariantGroup;
			children = (
				9E26256022AFBEBE00FCE622 /* Base */,
			);
			name = Main.storyboard;
			sourceTree = "<group>";
		};
		9E26256722AFBEBF00FCE622 /* LaunchScreen.storyboard */ = {
			isa = PBXVariantGroup;
			children = (
				9E26256822AFBEBF00FCE622 /* Base */,
			);
			name = LaunchScreen.storyboard;
			sourceTree = "<group>";
		};
/* End PBXVariantGroup section */

/* Begin XCBuildConfiguration section */
		9E26256D22AFBEBF00FCE622 /* Debug */ = {
			isa = XCBuildConfiguration;
			buildSettings = {
				ALWAYS_SEARCH_USER_PATHS = NO;
				CLANG_ANALYZER_NONNULL = YES;
				CLANG_ANALYZER_NUMBER_OBJECT_CONVERSION = YES_AGGRESSIVE;
				CLANG_CXX_LANGUAGE_STANDARD = "gnu++14";
				CLANG_CXX_LIBRARY = "libc++";
				CLANG_ENABLE_MODULES = YES;
				CLANG_ENABLE_OBJC_ARC = YES;
				CLANG_ENABLE_OBJC_WEAK = YES;
				CLANG_WARN_BLOCK_CAPTURE_AUTORELEASING = YES;
				CLANG_WARN_BOOL_CONVERSION = YES;
				CLANG_WARN_COMMA = YES;
				CLANG_WARN_CONSTANT_CONVERSION = YES;
				CLANG_WARN_DEPRECATED_OBJC_IMPLEMENTATIONS = YES;
				CLANG_WARN_DIRECT_OBJC_ISA_USAGE = YES_ERROR;
				CLANG_WARN_DOCUMENTATION_COMMENTS = YES;
				CLANG_WARN_EMPTY_BODY = YES;
				CLANG_WARN_ENUM_CONVERSION = YES;
				CLANG_WARN_INFINITE_RECURSION = YES;
				CLANG_WARN_INT_CONVERSION = YES;
				CLANG_WARN_NON_LITERAL_NULL_CONVERSION = YES;
				CLANG_WARN_OBJC_IMPLICIT_RETAIN_SELF = YES;
				CLANG_WARN_OBJC_LITERAL_CONVERSION = YES;
				CLANG_WARN_OBJC_ROOT_CLASS = YES_ERROR;
				CLANG_WARN_RANGE_LOOP_ANALYSIS = YES;
				CLANG_WARN_STRICT_PROTOTYPES = YES;
				CLANG_WARN_SUSPICIOUS_MOVE = YES;
				CLANG_WARN_UNGUARDED_AVAILABILITY = YES_AGGRESSIVE;
				CLANG_WARN_UNREACHABLE_CODE = YES;
				CLANG_WARN__DUPLICATE_METHOD_MATCH = YES;
				CODE_SIGN_IDENTITY = "iPhone Developer";
				COPY_PHASE_STRIP = NO;
				DEBUG_INFORMATION_FORMAT = dwarf;
				ENABLE_STRICT_OBJC_MSGSEND = YES;
				ENABLE_TESTABILITY = YES;
				GCC_C_LANGUAGE_STANDARD = gnu11;
				GCC_DYNAMIC_NO_PIC = NO;
				GCC_NO_COMMON_BLOCKS = YES;
				GCC_OPTIMIZATION_LEVEL = 0;
				GCC_PREPROCESSOR_DEFINITIONS = (
					"DEBUG=1",
					"$(inherited)",
				);
				GCC_WARN_64_TO_32_BIT_CONVERSION = YES;
				GCC_WARN_ABOUT_RETURN_TYPE = YES_ERROR;
				GCC_WARN_UNDECLARED_SELECTOR = YES;
				GCC_WARN_UNINITIALIZED_AUTOS = YES_AGGRESSIVE;
				GCC_WARN_UNUSED_FUNCTION = YES;
				GCC_WARN_UNUSED_VARIABLE = YES;
				IPHONEOS_DEPLOYMENT_TARGET = 12.2;
				MTL_ENABLE_DEBUG_INFO = INCLUDE_SOURCE;
				MTL_FAST_MATH = YES;
				ONLY_ACTIVE_ARCH = YES;
				SDKROOT = iphoneos;
			};
			name = Debug;
		};
		9E26256E22AFBEBF00FCE622 /* Release */ = {
			isa = XCBuildConfiguration;
			buildSettings = {
				ALWAYS_SEARCH_USER_PATHS = NO;
				CLANG_ANALYZER_NONNULL = YES;
				CLANG_ANALYZER_NUMBER_OBJECT_CONVERSION = YES_AGGRESSIVE;
				CLANG_CXX_LANGUAGE_STANDARD = "gnu++14";
				CLANG_CXX_LIBRARY = "libc++";
				CLANG_ENABLE_MODULES = YES;
				CLANG_ENABLE_OBJC_ARC = YES;
				CLANG_ENABLE_OBJC_WEAK = YES;
				CLANG_WARN_BLOCK_CAPTURE_AUTORELEASING = YES;
				CLANG_WARN_BOOL_CONVERSION = YES;
				CLANG_WARN_COMMA = YES;
				CLANG_WARN_CONSTANT_CONVERSION = YES;
				CLANG_WARN_DEPRECATED_OBJC_IMPLEMENTATIONS = YES;
				CLANG_WARN_DIRECT_OBJC_ISA_USAGE = YES_ERROR;
				CLANG_WARN_DOCUMENTATION_COMMENTS = YES;
				CLANG_WARN_EMPTY_BODY = YES;
				CLANG_WARN_ENUM_CONVERSION = YES;
				CLANG_WARN_INFINITE_RECURSION = YES;
				CLANG_WARN_INT_CONVERSION = YES;
				CLANG_WARN_NON_LITERAL_NULL_CONVERSION = YES;
				CLANG_WARN_OBJC_IMPLICIT_RETAIN_SELF = YES;
				CLANG_WARN_OBJC_LITERAL_CONVERSION = YES;
				CLANG_WARN_OBJC_ROOT_CLASS = YES_ERROR;
				CLANG_WARN_RANGE_LOOP_ANALYSIS = YES;
				CLANG_WARN_STRICT_PROTOTYPES = YES;
				CLANG_WARN_SUSPICIOUS_MOVE = YES;
				CLANG_WARN_UNGUARDED_AVAILABILITY = YES_AGGRESSIVE;
				CLANG_WARN_UNREACHABLE_CODE = YES;
				CLANG_WARN__DUPLICATE_METHOD_MATCH = YES;
				CODE_SIGN_IDENTITY = "iPhone Developer";
				COPY_PHASE_STRIP = NO;
				DEBUG_INFORMATION_FORMAT = "dwarf-with-dsym";
				ENABLE_NS_ASSERTIONS = NO;
				ENABLE_STRICT_OBJC_MSGSEND = YES;
				GCC_C_LANGUAGE_STANDARD = gnu11;
				GCC_NO_COMMON_BLOCKS = YES;
				GCC_WARN_64_TO_32_BIT_CONVERSION = YES;
				GCC_WARN_ABOUT_RETURN_TYPE = YES_ERROR;
				GCC_WARN_UNDECLARED_SELECTOR = YES;
				GCC_WARN_UNINITIALIZED_AUTOS = YES_AGGRESSIVE;
				GCC_WARN_UNUSED_FUNCTION = YES;
				GCC_WARN_UNUSED_VARIABLE = YES;
				IPHONEOS_DEPLOYMENT_TARGET = 12.2;
				MTL_ENABLE_DEBUG_INFO = NO;
				MTL_FAST_MATH = YES;
				SDKROOT = iphoneos;
				VALIDATE_PRODUCT = YES;
			};
			name = Release;
		};
		9E26257022AFBEBF00FCE622 /* Debug */ = {
			isa = XCBuildConfiguration;
			buildSettings = {
				ASSETCATALOG_COMPILER_APPICON_NAME = AppIcon;
				CLANG_ENABLE_MODULES = YES;
				CODE_SIGN_STYLE = Automatic;
				INFOPLIST_FILE = UI/Info.plist;
				LD_RUNPATH_SEARCH_PATHS = (
					"$(inherited)",
					"@executable_path/Frameworks",
				);
				ONLY_ACTIVE_ARCH = NO;
				PRODUCT_BUNDLE_IDENTIFIER = com.hitales.ui.UI;
				PRODUCT_NAME = "$(TARGET_NAME)";
				SWIFT_OPTIMIZATION_LEVEL = "-Onone";
				SWIFT_VERSION = 5.0;
				TARGETED_DEVICE_FAMILY = "1,2";
			};
			name = Debug;
		};
		9E26257122AFBEBF00FCE622 /* Release */ = {
			isa = XCBuildConfiguration;
			buildSettings = {
				ASSETCATALOG_COMPILER_APPICON_NAME = AppIcon;
				CLANG_ENABLE_MODULES = YES;
				CODE_SIGN_STYLE = Automatic;
				INFOPLIST_FILE = UI/Info.plist;
				LD_RUNPATH_SEARCH_PATHS = (
					"$(inherited)",
					"@executable_path/Frameworks",
				);
				ONLY_ACTIVE_ARCH = NO;
				PRODUCT_BUNDLE_IDENTIFIER = com.hitales.ui.UI;
				PRODUCT_NAME = "$(TARGET_NAME)";
				SWIFT_VERSION = 5.0;
				TARGETED_DEVICE_FAMILY = "1,2";
			};
			name = Release;
		};
		9E26258122AFBED300FCE622 /* Debug */ = {
			isa = XCBuildConfiguration;
			buildSettings = {
				CLANG_ENABLE_MODULES = YES;
				CODE_SIGN_IDENTITY = "";
				CODE_SIGN_STYLE = Automatic;
				CURRENT_PROJECT_VERSION = 1;
				DEFINES_MODULE = YES;
				DYLIB_COMPATIBILITY_VERSION = 1;
				DYLIB_CURRENT_VERSION = 1;
				DYLIB_INSTALL_NAME_BASE = "@rpath";
				INFOPLIST_FILE = HUI/Info.plist;
				INSTALL_PATH = "$(LOCAL_LIBRARY_DIR)/Frameworks";
				IPHONEOS_DEPLOYMENT_TARGET = 9.0;
				LD_RUNPATH_SEARCH_PATHS = (
					"$(inherited)",
					"@executable_path/Frameworks",
					"@loader_path/Frameworks",
				);
				MODULEMAP_FILE = HUI/m.modulemap;
				ONLY_ACTIVE_ARCH = NO;
				PRODUCT_BUNDLE_IDENTIFIER = com.hitales.ui.HUI;
				PRODUCT_NAME = "$(TARGET_NAME:c99extidentifier)";
				SKIP_INSTALL = YES;
				SWIFT_OPTIMIZATION_LEVEL = "-Onone";
				SWIFT_VERSION = 5.0;
				TARGETED_DEVICE_FAMILY = "1,2";
				VERSIONING_SYSTEM = "apple-generic";
				VERSION_INFO_PREFIX = "";
			};
			name = Debug;
		};
		9E26258222AFBED300FCE622 /* Release */ = {
			isa = XCBuildConfiguration;
			buildSettings = {
				CLANG_ENABLE_MODULES = YES;
				CODE_SIGN_IDENTITY = "";
				CODE_SIGN_STYLE = Automatic;
				CURRENT_PROJECT_VERSION = 1;
				DEFINES_MODULE = YES;
				DYLIB_COMPATIBILITY_VERSION = 1;
				DYLIB_CURRENT_VERSION = 1;
				DYLIB_INSTALL_NAME_BASE = "@rpath";
				INFOPLIST_FILE = HUI/Info.plist;
				INSTALL_PATH = "$(LOCAL_LIBRARY_DIR)/Frameworks";
				IPHONEOS_DEPLOYMENT_TARGET = 9.0;
				LD_RUNPATH_SEARCH_PATHS = (
					"$(inherited)",
					"@executable_path/Frameworks",
					"@loader_path/Frameworks",
				);
				MODULEMAP_FILE = HUI/m.modulemap;
				ONLY_ACTIVE_ARCH = NO;
				PRODUCT_BUNDLE_IDENTIFIER = com.hitales.ui.HUI;
				PRODUCT_NAME = "$(TARGET_NAME:c99extidentifier)";
				SKIP_INSTALL = YES;
				SWIFT_VERSION = 5.0;
				TARGETED_DEVICE_FAMILY = "1,2";
				VERSIONING_SYSTEM = "apple-generic";
				VERSION_INFO_PREFIX = "";
			};
			name = Release;
		};
		9E556722244041E7004B1A5A /* Debug */ = {
			isa = XCBuildConfiguration;
			buildSettings = {
				CODE_SIGN_STYLE = Automatic;
				CURRENT_PROJECT_VERSION = 1;
				DEFINES_MODULE = YES;
				DYLIB_COMPATIBILITY_VERSION = 1;
				DYLIB_CURRENT_VERSION = 1;
				DYLIB_INSTALL_NAME_BASE = "@rpath";
				INFOPLIST_FILE = KUI/Info.plist;
				INSTALL_PATH = "$(LOCAL_LIBRARY_DIR)/Frameworks";
				IPHONEOS_DEPLOYMENT_TARGET = 9.0;
				LD_RUNPATH_SEARCH_PATHS = (
					"$(inherited)",
					"@executable_path/Frameworks",
					"@loader_path/Frameworks",
				);
				PRODUCT_BUNDLE_IDENTIFIER = com.hitales.general.test.KUI;
				PRODUCT_NAME = "$(TARGET_NAME:c99extidentifier)";
				SKIP_INSTALL = YES;
				TARGETED_DEVICE_FAMILY = "1,2";
				VERSIONING_SYSTEM = "apple-generic";
				VERSION_INFO_PREFIX = "";
			};
			name = Debug;
		};
		9E556723244041E7004B1A5A /* Release */ = {
			isa = XCBuildConfiguration;
			buildSettings = {
				CODE_SIGN_STYLE = Automatic;
				CURRENT_PROJECT_VERSION = 1;
				DEFINES_MODULE = YES;
				DYLIB_COMPATIBILITY_VERSION = 1;
				DYLIB_CURRENT_VERSION = 1;
				DYLIB_INSTALL_NAME_BASE = "@rpath";
				INFOPLIST_FILE = KUI/Info.plist;
				INSTALL_PATH = "$(LOCAL_LIBRARY_DIR)/Frameworks";
				IPHONEOS_DEPLOYMENT_TARGET = 9.0;
				LD_RUNPATH_SEARCH_PATHS = (
					"$(inherited)",
					"@executable_path/Frameworks",
					"@loader_path/Frameworks",
				);
				PRODUCT_BUNDLE_IDENTIFIER = com.hitales.general.test.KUI;
				PRODUCT_NAME = "$(TARGET_NAME:c99extidentifier)";
				SKIP_INSTALL = YES;
				TARGETED_DEVICE_FAMILY = "1,2";
				VERSIONING_SYSTEM = "apple-generic";
				VERSION_INFO_PREFIX = "";
			};
			name = Release;
		};
		9ED2DA8C239A4FB5007C0B40 /* Debug */ = {
			isa = XCBuildConfiguration;
			buildSettings = {
				CODE_SIGN_STYLE = Automatic;
				DEVELOPMENT_TEAM = HPXWNQ7G9P;
				PRODUCT_NAME = "$(TARGET_NAME)";
			};
			name = Debug;
		};
		9ED2DA8D239A4FB5007C0B40 /* Release */ = {
			isa = XCBuildConfiguration;
			buildSettings = {
				CODE_SIGN_STYLE = Automatic;
				DEVELOPMENT_TEAM = HPXWNQ7G9P;
				PRODUCT_NAME = "$(TARGET_NAME)";
			};
			name = Release;
		};
/* End XCBuildConfiguration section */

/* Begin XCConfigurationList section */
		9E26255122AFBEBE00FCE622 /* Build configuration list for PBXProject "UI" */ = {
			isa = XCConfigurationList;
			buildConfigurations = (
				9E26256D22AFBEBF00FCE622 /* Debug */,
				9E26256E22AFBEBF00FCE622 /* Release */,
			);
			defaultConfigurationIsVisible = 0;
			defaultConfigurationName = Release;
		};
		9E26256F22AFBEBF00FCE622 /* Build configuration list for PBXNativeTarget "UI" */ = {
			isa = XCConfigurationList;
			buildConfigurations = (
				9E26257022AFBEBF00FCE622 /* Debug */,
				9E26257122AFBEBF00FCE622 /* Release */,
			);
			defaultConfigurationIsVisible = 0;
			defaultConfigurationName = Release;
		};
		9E26258022AFBED300FCE622 /* Build configuration list for PBXNativeTarget "HUI" */ = {
			isa = XCConfigurationList;
			buildConfigurations = (
				9E26258122AFBED300FCE622 /* Debug */,
				9E26258222AFBED300FCE622 /* Release */,
			);
			defaultConfigurationIsVisible = 0;
			defaultConfigurationName = Release;
		};
		9E556721244041E7004B1A5A /* Build configuration list for PBXNativeTarget "KUI" */ = {
			isa = XCConfigurationList;
			buildConfigurations = (
				9E556722244041E7004B1A5A /* Debug */,
				9E556723244041E7004B1A5A /* Release */,
			);
			defaultConfigurationIsVisible = 0;
			defaultConfigurationName = Release;
		};
		9ED2DA8B239A4FB5007C0B40 /* Build configuration list for PBXAggregateTarget "release" */ = {
			isa = XCConfigurationList;
			buildConfigurations = (
				9ED2DA8C239A4FB5007C0B40 /* Debug */,
				9ED2DA8D239A4FB5007C0B40 /* Release */,
			);
			defaultConfigurationIsVisible = 0;
			defaultConfigurationName = Release;
		};
/* End XCConfigurationList section */

/* Begin XCVersionGroup section */
		9E26256222AFBEBE00FCE622 /* UI.xcdatamodeld */ = {
			isa = XCVersionGroup;
			children = (
				9E26256322AFBEBE00FCE622 /* UI.xcdatamodel */,
			);
			currentVersion = 9E26256322AFBEBE00FCE622 /* UI.xcdatamodel */;
			path = UI.xcdatamodeld;
			sourceTree = "<group>";
			versionGroupType = wrapper.xcdatamodel;
		};
/* End XCVersionGroup section */
	};
	rootObject = 9E26254E22AFBEBE00FCE622 /* Project object */;
}
